// !$*UTF8*$!
{
	archiveVersion = 1;
	classes = {
	};
	objectVersion = 56;
	objects = {

/* Begin PBXBuildFile section */
		C357AB052BB7D50900440554 /* EditableText.swift in Sources */ = {isa = PBXBuildFile; fileRef = C357AB042BB7D50900440554 /* EditableText.swift */; };
		C357AB072BB7E30A00440554 /* DateLabel.swift in Sources */ = {isa = PBXBuildFile; fileRef = C357AB062BB7E30A00440554 /* DateLabel.swift */; };
		C357AB092BB7E41500440554 /* Chords.swift in Sources */ = {isa = PBXBuildFile; fileRef = C357AB082BB7E41500440554 /* Chords.swift */; };
		C357AB0B2BB7E5F500440554 /* ActionsToggle.swift in Sources */ = {isa = PBXBuildFile; fileRef = C357AB0A2BB7E5F500440554 /* ActionsToggle.swift */; };
		C357AB0D2BB7E6B200440554 /* PlaybackSlider.swift in Sources */ = {isa = PBXBuildFile; fileRef = C357AB0C2BB7E6B200440554 /* PlaybackSlider.swift */; };
		C357AB102BB7E92E00440554 /* PlaybackColtrols.swift in Sources */ = {isa = PBXBuildFile; fileRef = C357AB0F2BB7E92E00440554 /* PlaybackColtrols.swift */; };
		C357AB122BB7EA2600440554 /* OptionsToggle.swift in Sources */ = {isa = PBXBuildFile; fileRef = C357AB112BB7EA2600440554 /* OptionsToggle.swift */; };
		C357AB142BB7EB4B00440554 /* ActionButton.swift in Sources */ = {isa = PBXBuildFile; fileRef = C357AB132BB7EB4B00440554 /* ActionButton.swift */; };
		C357AB182BB7F04400440554 /* SongsList.swift in Sources */ = {isa = PBXBuildFile; fileRef = C357AB172BB7F04400440554 /* SongsList.swift */; };
		C36BC35C2BB1E4770041971C /* SubscriptionPlanCard.swift in Sources */ = {isa = PBXBuildFile; fileRef = C36BC35B2BB1E4770041971C /* SubscriptionPlanCard.swift */; };
		C376F5852BB1E6F900826453 /* AllSongs.swift in Sources */ = {isa = PBXBuildFile; fileRef = C376F5842BB1E6F900826453 /* AllSongs.swift */; };
		C39C87362BB0073B00EBF82C /* AmDm_AIApp.swift in Sources */ = {isa = PBXBuildFile; fileRef = C39C87352BB0073B00EBF82C /* AmDm_AIApp.swift */; };
		C39C873C2BB0073D00EBF82C /* Assets.xcassets in Resources */ = {isa = PBXBuildFile; fileRef = C39C873B2BB0073D00EBF82C /* Assets.xcassets */; };
		C39C87402BB0073D00EBF82C /* Preview Assets.xcassets in Resources */ = {isa = PBXBuildFile; fileRef = C39C873F2BB0073D00EBF82C /* Preview Assets.xcassets */; };
		C3AD8ED02BB12BC200D94DB5 /* Subscription.swift in Sources */ = {isa = PBXBuildFile; fileRef = C3AD8ECF2BB12BC200D94DB5 /* Subscription.swift */; };
		C3AD8ED22BB1648000D94DB5 /* DataModel.swift in Sources */ = {isa = PBXBuildFile; fileRef = C3AD8ED12BB1647F00D94DB5 /* DataModel.swift */; };
/* End PBXBuildFile section */

/* Begin PBXFileReference section */
		C357AB042BB7D50900440554 /* EditableText.swift */ = {isa = PBXFileReference; lastKnownFileType = sourcecode.swift; path = EditableText.swift; sourceTree = "<group>"; };
		C357AB062BB7E30A00440554 /* DateLabel.swift */ = {isa = PBXFileReference; lastKnownFileType = sourcecode.swift; path = DateLabel.swift; sourceTree = "<group>"; };
		C357AB082BB7E41500440554 /* Chords.swift */ = {isa = PBXFileReference; lastKnownFileType = sourcecode.swift; path = Chords.swift; sourceTree = "<group>"; };
		C357AB0A2BB7E5F500440554 /* ActionsToggle.swift */ = {isa = PBXFileReference; lastKnownFileType = sourcecode.swift; path = ActionsToggle.swift; sourceTree = "<group>"; };
		C357AB0C2BB7E6B200440554 /* PlaybackSlider.swift */ = {isa = PBXFileReference; lastKnownFileType = sourcecode.swift; path = PlaybackSlider.swift; sourceTree = "<group>"; };
		C357AB0F2BB7E92E00440554 /* PlaybackColtrols.swift */ = {isa = PBXFileReference; lastKnownFileType = sourcecode.swift; path = PlaybackColtrols.swift; sourceTree = "<group>"; };
		C357AB112BB7EA2600440554 /* OptionsToggle.swift */ = {isa = PBXFileReference; lastKnownFileType = sourcecode.swift; path = OptionsToggle.swift; sourceTree = "<group>"; };
		C357AB132BB7EB4B00440554 /* ActionButton.swift */ = {isa = PBXFileReference; lastKnownFileType = sourcecode.swift; path = ActionButton.swift; sourceTree = "<group>"; };
		C357AB172BB7F04400440554 /* SongsList.swift */ = {isa = PBXFileReference; lastKnownFileType = sourcecode.swift; path = SongsList.swift; sourceTree = "<group>"; };
		C36BC35B2BB1E4770041971C /* SubscriptionPlanCard.swift */ = {isa = PBXFileReference; lastKnownFileType = sourcecode.swift; path = SubscriptionPlanCard.swift; sourceTree = "<group>"; };
		C376F5842BB1E6F900826453 /* AllSongs.swift */ = {isa = PBXFileReference; lastKnownFileType = sourcecode.swift; path = AllSongs.swift; sourceTree = "<group>"; };
		C39C87322BB0073B00EBF82C /* AmDm AI.app */ = {isa = PBXFileReference; explicitFileType = wrapper.application; includeInIndex = 0; path = "AmDm AI.app"; sourceTree = BUILT_PRODUCTS_DIR; };
		C39C87352BB0073B00EBF82C /* AmDm_AIApp.swift */ = {isa = PBXFileReference; lastKnownFileType = sourcecode.swift; path = AmDm_AIApp.swift; sourceTree = "<group>"; };
		C39C873B2BB0073D00EBF82C /* Assets.xcassets */ = {isa = PBXFileReference; lastKnownFileType = folder.assetcatalog; path = Assets.xcassets; sourceTree = "<group>"; };
		C39C873D2BB0073D00EBF82C /* AmDm_AI.entitlements */ = {isa = PBXFileReference; lastKnownFileType = text.plist.entitlements; path = AmDm_AI.entitlements; sourceTree = "<group>"; };
		C39C873F2BB0073D00EBF82C /* Preview Assets.xcassets */ = {isa = PBXFileReference; lastKnownFileType = folder.assetcatalog; path = "Preview Assets.xcassets"; sourceTree = "<group>"; };
		C3AD8ECF2BB12BC200D94DB5 /* Subscription.swift */ = {isa = PBXFileReference; lastKnownFileType = sourcecode.swift; path = Subscription.swift; sourceTree = "<group>"; };
		C3AD8ED12BB1647F00D94DB5 /* DataModel.swift */ = {isa = PBXFileReference; lastKnownFileType = sourcecode.swift; path = DataModel.swift; sourceTree = "<group>"; };
/* End PBXFileReference section */

/* Begin PBXFrameworksBuildPhase section */
		C39C872F2BB0073B00EBF82C /* Frameworks */ = {
			isa = PBXFrameworksBuildPhase;
			buildActionMask = 2147483647;
			files = (
			);
			runOnlyForDeploymentPostprocessing = 0;
		};
/* End PBXFrameworksBuildPhase section */

/* Begin PBXGroup section */
		C357AB032BB7D4CC00440554 /* Views */ = {
			isa = PBXGroup;
			children = (
				C357AB0E2BB7E91200440554 /* Controls */,
				C357AB042BB7D50900440554 /* EditableText.swift */,
				C357AB062BB7E30A00440554 /* DateLabel.swift */,
				C357AB082BB7E41500440554 /* Chords.swift */,
				C357AB172BB7F04400440554 /* SongsList.swift */,
			);
			path = Views;
			sourceTree = "<group>";
		};
		C357AB0E2BB7E91200440554 /* Controls */ = {
			isa = PBXGroup;
			children = (
				C357AB0A2BB7E5F500440554 /* ActionsToggle.swift */,
				C357AB0C2BB7E6B200440554 /* PlaybackSlider.swift */,
				C357AB0F2BB7E92E00440554 /* PlaybackColtrols.swift */,
				C357AB112BB7EA2600440554 /* OptionsToggle.swift */,
				C357AB132BB7EB4B00440554 /* ActionButton.swift */,
			);
			path = Controls;
			sourceTree = "<group>";
		};
		C376F5832BB1E67700826453 /* AllSongs */ = {
			isa = PBXGroup;
			children = (
				C376F5842BB1E6F900826453 /* AllSongs.swift */,
			);
			path = AllSongs;
			sourceTree = "<group>";
		};
		C39C87292BB0073B00EBF82C = {
			isa = PBXGroup;
			children = (
				C39C87342BB0073B00EBF82C /* AmDm AI */,
				C39C87332BB0073B00EBF82C /* Products */,
			);
			sourceTree = "<group>";
		};
		C39C87332BB0073B00EBF82C /* Products */ = {
			isa = PBXGroup;
			children = (
				C39C87322BB0073B00EBF82C /* AmDm AI.app */,
			);
			name = Products;
			sourceTree = "<group>";
		};
		C39C87342BB0073B00EBF82C /* AmDm AI */ = {
			isa = PBXGroup;
			children = (
				C357AB032BB7D4CC00440554 /* Views */,
				C39C873D2BB0073D00EBF82C /* AmDm_AI.entitlements */,
				C39C87352BB0073B00EBF82C /* AmDm_AIApp.swift */,
				C39C873B2BB0073D00EBF82C /* Assets.xcassets */,
				C3B54DFE2BB1AB0A000DCF15 /* Model */,
				C3B54DFA2BB1AA55000DCF15 /* Screens */,
				C39C873E2BB0073D00EBF82C /* Preview Content */,
			);
			path = "AmDm AI";
			sourceTree = "<group>";
		};
		C39C873E2BB0073D00EBF82C /* Preview Content */ = {
			isa = PBXGroup;
			children = (
				C39C873F2BB0073D00EBF82C /* Preview Assets.xcassets */,
			);
			path = "Preview Content";
			sourceTree = "<group>";
		};
		C3B54DFA2BB1AA55000DCF15 /* Screens */ = {
			isa = PBXGroup;
			children = (
				C376F5832BB1E67700826453 /* AllSongs */,
				C3B54DFB2BB1AA9F000DCF15 /* SubscriptionPlans */,
			);
			path = Screens;
			sourceTree = "<group>";
		};
		C3B54DFB2BB1AA9F000DCF15 /* SubscriptionPlans */ = {
			isa = PBXGroup;
			children = (
				C36BC35B2BB1E4770041971C /* SubscriptionPlanCard.swift */,
				C3AD8ECF2BB12BC200D94DB5 /* Subscription.swift */,
			);
			path = SubscriptionPlans;
			sourceTree = "<group>";
		};
		C3B54DFE2BB1AB0A000DCF15 /* Model */ = {
			isa = PBXGroup;
			children = (
				C3AD8ED12BB1647F00D94DB5 /* DataModel.swift */,
			);
			path = Model;
			sourceTree = "<group>";
		};
/* End PBXGroup section */

/* Begin PBXNativeTarget section */
		C39C87312BB0073B00EBF82C /* AmDm AI */ = {
			isa = PBXNativeTarget;
			buildConfigurationList = C39C87432BB0073D00EBF82C /* Build configuration list for PBXNativeTarget "AmDm AI" */;
			buildPhases = (
				C39C872E2BB0073B00EBF82C /* Sources */,
				C39C872F2BB0073B00EBF82C /* Frameworks */,
				C39C87302BB0073B00EBF82C /* Resources */,
			);
			buildRules = (
			);
			dependencies = (
			);
			name = "AmDm AI";
			productName = "AmDm AI";
			productReference = C39C87322BB0073B00EBF82C /* AmDm AI.app */;
			productType = "com.apple.product-type.application";
		};
/* End PBXNativeTarget section */

/* Begin PBXProject section */
		C39C872A2BB0073B00EBF82C /* Project object */ = {
			isa = PBXProject;
			attributes = {
				BuildIndependentTargetsInParallel = 1;
				LastSwiftUpdateCheck = 1500;
				LastUpgradeCheck = 1500;
				TargetAttributes = {
					C39C87312BB0073B00EBF82C = {
						CreatedOnToolsVersion = 15.0.1;
					};
				};
			};
			buildConfigurationList = C39C872D2BB0073B00EBF82C /* Build configuration list for PBXProject "AmDm AI" */;
			compatibilityVersion = "Xcode 14.0";
			developmentRegion = en;
			hasScannedForEncodings = 0;
			knownRegions = (
				en,
				Base,
			);
			mainGroup = C39C87292BB0073B00EBF82C;
			productRefGroup = C39C87332BB0073B00EBF82C /* Products */;
			projectDirPath = "";
			projectRoot = "";
			targets = (
				C39C87312BB0073B00EBF82C /* AmDm AI */,
			);
		};
/* End PBXProject section */

/* Begin PBXResourcesBuildPhase section */
		C39C87302BB0073B00EBF82C /* Resources */ = {
			isa = PBXResourcesBuildPhase;
			buildActionMask = 2147483647;
			files = (
				C39C87402BB0073D00EBF82C /* Preview Assets.xcassets in Resources */,
				C39C873C2BB0073D00EBF82C /* Assets.xcassets in Resources */,
			);
			runOnlyForDeploymentPostprocessing = 0;
		};
/* End PBXResourcesBuildPhase section */

/* Begin PBXSourcesBuildPhase section */
		C39C872E2BB0073B00EBF82C /* Sources */ = {
			isa = PBXSourcesBuildPhase;
			buildActionMask = 2147483647;
			files = (
				C357AB122BB7EA2600440554 /* OptionsToggle.swift in Sources */,
				C357AB072BB7E30A00440554 /* DateLabel.swift in Sources */,
				C357AB142BB7EB4B00440554 /* ActionButton.swift in Sources */,
				C357AB0D2BB7E6B200440554 /* PlaybackSlider.swift in Sources */,
				C357AB182BB7F04400440554 /* SongsList.swift in Sources */,
				C3AD8ED22BB1648000D94DB5 /* DataModel.swift in Sources */,
				C357AB092BB7E41500440554 /* Chords.swift in Sources */,
				C357AB102BB7E92E00440554 /* PlaybackColtrols.swift in Sources */,
				C357AB0B2BB7E5F500440554 /* ActionsToggle.swift in Sources */,
				C3AD8ED02BB12BC200D94DB5 /* Subscription.swift in Sources */,
				C376F5852BB1E6F900826453 /* AllSongs.swift in Sources */,
				C39C87362BB0073B00EBF82C /* AmDm_AIApp.swift in Sources */,
				C357AB052BB7D50900440554 /* EditableText.swift in Sources */,
				C36BC35C2BB1E4770041971C /* SubscriptionPlanCard.swift in Sources */,
			);
			runOnlyForDeploymentPostprocessing = 0;
		};
/* End PBXSourcesBuildPhase section */

/* Begin XCBuildConfiguration section */
		C39C87412BB0073D00EBF82C /* Debug */ = {
			isa = XCBuildConfiguration;
			buildSettings = {
				ALWAYS_SEARCH_USER_PATHS = NO;
				ASSETCATALOG_COMPILER_GENERATE_SWIFT_ASSET_SYMBOL_EXTENSIONS = YES;
				CLANG_ANALYZER_NONNULL = YES;
				CLANG_ANALYZER_NUMBER_OBJECT_CONVERSION = YES_AGGRESSIVE;
				CLANG_CXX_LANGUAGE_STANDARD = "gnu++20";
				CLANG_ENABLE_MODULES = YES;
				CLANG_ENABLE_OBJC_ARC = YES;
				CLANG_ENABLE_OBJC_WEAK = YES;
				CLANG_WARN_BLOCK_CAPTURE_AUTORELEASING = YES;
				CLANG_WARN_BOOL_CONVERSION = YES;
				CLANG_WARN_COMMA = YES;
				CLANG_WARN_CONSTANT_CONVERSION = YES;
				CLANG_WARN_DEPRECATED_OBJC_IMPLEMENTATIONS = YES;
				CLANG_WARN_DIRECT_OBJC_ISA_USAGE = YES_ERROR;
				CLANG_WARN_DOCUMENTATION_COMMENTS = YES;
				CLANG_WARN_EMPTY_BODY = YES;
				CLANG_WARN_ENUM_CONVERSION = YES;
				CLANG_WARN_INFINITE_RECURSION = YES;
				CLANG_WARN_INT_CONVERSION = YES;
				CLANG_WARN_NON_LITERAL_NULL_CONVERSION = YES;
				CLANG_WARN_OBJC_IMPLICIT_RETAIN_SELF = YES;
				CLANG_WARN_OBJC_LITERAL_CONVERSION = YES;
				CLANG_WARN_OBJC_ROOT_CLASS = YES_ERROR;
				CLANG_WARN_QUOTED_INCLUDE_IN_FRAMEWORK_HEADER = YES;
				CLANG_WARN_RANGE_LOOP_ANALYSIS = YES;
				CLANG_WARN_STRICT_PROTOTYPES = YES;
				CLANG_WARN_SUSPICIOUS_MOVE = YES;
				CLANG_WARN_UNGUARDED_AVAILABILITY = YES_AGGRESSIVE;
				CLANG_WARN_UNREACHABLE_CODE = YES;
				CLANG_WARN__DUPLICATE_METHOD_MATCH = YES;
				COPY_PHASE_STRIP = NO;
				DEBUG_INFORMATION_FORMAT = dwarf;
				ENABLE_STRICT_OBJC_MSGSEND = YES;
				ENABLE_TESTABILITY = YES;
				ENABLE_USER_SCRIPT_SANDBOXING = YES;
				GCC_C_LANGUAGE_STANDARD = gnu17;
				GCC_DYNAMIC_NO_PIC = NO;
				GCC_NO_COMMON_BLOCKS = YES;
				GCC_OPTIMIZATION_LEVEL = 0;
				GCC_PREPROCESSOR_DEFINITIONS = (
					"DEBUG=1",
					"$(inherited)",
				);
				GCC_WARN_64_TO_32_BIT_CONVERSION = YES;
				GCC_WARN_ABOUT_RETURN_TYPE = YES_ERROR;
				GCC_WARN_UNDECLARED_SELECTOR = YES;
				GCC_WARN_UNINITIALIZED_AUTOS = YES_AGGRESSIVE;
				GCC_WARN_UNUSED_FUNCTION = YES;
				GCC_WARN_UNUSED_VARIABLE = YES;
				LOCALIZATION_PREFERS_STRING_CATALOGS = YES;
				MTL_ENABLE_DEBUG_INFO = INCLUDE_SOURCE;
				MTL_FAST_MATH = YES;
				ONLY_ACTIVE_ARCH = YES;
				SWIFT_ACTIVE_COMPILATION_CONDITIONS = "DEBUG $(inherited)";
				SWIFT_OPTIMIZATION_LEVEL = "-Onone";
			};
			name = Debug;
		};
		C39C87422BB0073D00EBF82C /* Release */ = {
			isa = XCBuildConfiguration;
			buildSettings = {
				ALWAYS_SEARCH_USER_PATHS = NO;
				ASSETCATALOG_COMPILER_GENERATE_SWIFT_ASSET_SYMBOL_EXTENSIONS = YES;
				CLANG_ANALYZER_NONNULL = YES;
				CLANG_ANALYZER_NUMBER_OBJECT_CONVERSION = YES_AGGRESSIVE;
				CLANG_CXX_LANGUAGE_STANDARD = "gnu++20";
				CLANG_ENABLE_MODULES = YES;
				CLANG_ENABLE_OBJC_ARC = YES;
				CLANG_ENABLE_OBJC_WEAK = YES;
				CLANG_WARN_BLOCK_CAPTURE_AUTORELEASING = YES;
				CLANG_WARN_BOOL_CONVERSION = YES;
				CLANG_WARN_COMMA = YES;
				CLANG_WARN_CONSTANT_CONVERSION = YES;
				CLANG_WARN_DEPRECATED_OBJC_IMPLEMENTATIONS = YES;
				CLANG_WARN_DIRECT_OBJC_ISA_USAGE = YES_ERROR;
				CLANG_WARN_DOCUMENTATION_COMMENTS = YES;
				CLANG_WARN_EMPTY_BODY = YES;
				CLANG_WARN_ENUM_CONVERSION = YES;
				CLANG_WARN_INFINITE_RECURSION = YES;
				CLANG_WARN_INT_CONVERSION = YES;
				CLANG_WARN_NON_LITERAL_NULL_CONVERSION = YES;
				CLANG_WARN_OBJC_IMPLICIT_RETAIN_SELF = YES;
				CLANG_WARN_OBJC_LITERAL_CONVERSION = YES;
				CLANG_WARN_OBJC_ROOT_CLASS = YES_ERROR;
				CLANG_WARN_QUOTED_INCLUDE_IN_FRAMEWORK_HEADER = YES;
				CLANG_WARN_RANGE_LOOP_ANALYSIS = YES;
				CLANG_WARN_STRICT_PROTOTYPES = YES;
				CLANG_WARN_SUSPICIOUS_MOVE = YES;
				CLANG_WARN_UNGUARDED_AVAILABILITY = YES_AGGRESSIVE;
				CLANG_WARN_UNREACHABLE_CODE = YES;
				CLANG_WARN__DUPLICATE_METHOD_MATCH = YES;
				COPY_PHASE_STRIP = NO;
				DEBUG_INFORMATION_FORMAT = "dwarf-with-dsym";
				ENABLE_NS_ASSERTIONS = NO;
				ENABLE_STRICT_OBJC_MSGSEND = YES;
				ENABLE_USER_SCRIPT_SANDBOXING = YES;
				GCC_C_LANGUAGE_STANDARD = gnu17;
				GCC_NO_COMMON_BLOCKS = YES;
				GCC_WARN_64_TO_32_BIT_CONVERSION = YES;
				GCC_WARN_ABOUT_RETURN_TYPE = YES_ERROR;
				GCC_WARN_UNDECLARED_SELECTOR = YES;
				GCC_WARN_UNINITIALIZED_AUTOS = YES_AGGRESSIVE;
				GCC_WARN_UNUSED_FUNCTION = YES;
				GCC_WARN_UNUSED_VARIABLE = YES;
				LOCALIZATION_PREFERS_STRING_CATALOGS = YES;
				MTL_ENABLE_DEBUG_INFO = NO;
				MTL_FAST_MATH = YES;
				SWIFT_COMPILATION_MODE = wholemodule;
			};
			name = Release;
		};
		C39C87442BB0073D00EBF82C /* Debug */ = {
			isa = XCBuildConfiguration;
			buildSettings = {
				ASSETCATALOG_COMPILER_APPICON_NAME = AppIcon;
				ASSETCATALOG_COMPILER_GLOBAL_ACCENT_COLOR_NAME = AccentColor;
				CODE_SIGN_ENTITLEMENTS = "AmDm AI/AmDm_AI.entitlements";
				CODE_SIGN_IDENTITY = "Apple Development";
				CODE_SIGN_STYLE = Automatic;
				CURRENT_PROJECT_VERSION = 1;
				DEVELOPMENT_ASSET_PATHS = "\"AmDm AI/Preview Content\"";
				DEVELOPMENT_TEAM = "";
				ENABLE_HARDENED_RUNTIME = YES;
				ENABLE_PREVIEWS = YES;
				GENERATE_INFOPLIST_FILE = YES;
				INFOPLIST_KEY_CFBundleDisplayName = AmDm;
				INFOPLIST_KEY_LSApplicationCategoryType = "public.app-category.music";
				"INFOPLIST_KEY_UIApplicationSceneManifest_Generation[sdk=iphoneos*]" = YES;
				"INFOPLIST_KEY_UIApplicationSceneManifest_Generation[sdk=iphonesimulator*]" = YES;
				"INFOPLIST_KEY_UIApplicationSupportsIndirectInputEvents[sdk=iphoneos*]" = YES;
				"INFOPLIST_KEY_UIApplicationSupportsIndirectInputEvents[sdk=iphonesimulator*]" = YES;
				"INFOPLIST_KEY_UILaunchScreen_Generation[sdk=iphoneos*]" = YES;
				"INFOPLIST_KEY_UILaunchScreen_Generation[sdk=iphonesimulator*]" = YES;
				INFOPLIST_KEY_UIStatusBarStyle = UIStatusBarStyleDarkContent;
				"INFOPLIST_KEY_UIStatusBarStyle[sdk=iphoneos*]" = UIStatusBarStyleDefault;
				"INFOPLIST_KEY_UIStatusBarStyle[sdk=iphonesimulator*]" = UIStatusBarStyleDefault;
				INFOPLIST_KEY_UISupportedInterfaceOrientations_iPad = "UIInterfaceOrientationPortrait UIInterfaceOrientationPortraitUpsideDown UIInterfaceOrientationLandscapeLeft UIInterfaceOrientationLandscapeRight";
				INFOPLIST_KEY_UISupportedInterfaceOrientations_iPhone = "UIInterfaceOrientationPortrait UIInterfaceOrientationLandscapeLeft UIInterfaceOrientationLandscapeRight";
				IPHONEOS_DEPLOYMENT_TARGET = 17.0;
				LD_RUNPATH_SEARCH_PATHS = "@executable_path/Frameworks";
				"LD_RUNPATH_SEARCH_PATHS[sdk=macosx*]" = "@executable_path/../Frameworks";
				MACOSX_DEPLOYMENT_TARGET = 14.0;
				MARKETING_VERSION = 0.1;
				PRODUCT_BUNDLE_IDENTIFIER = "com.amdm.amdm.AmDm-AI";
				PRODUCT_NAME = "$(TARGET_NAME)";
				PROVISIONING_PROFILE_SPECIFIER = "";
				SDKROOT = auto;
				SUPPORTED_PLATFORMS = "iphoneos iphonesimulator";
				SUPPORTS_MACCATALYST = NO;
				SWIFT_EMIT_LOC_STRINGS = YES;
				SWIFT_VERSION = 5.0;
				TARGETED_DEVICE_FAMILY = 1;
			};
			name = Debug;
		};
		C39C87452BB0073D00EBF82C /* Release */ = {
			isa = XCBuildConfiguration;
			buildSettings = {
				ASSETCATALOG_COMPILER_APPICON_NAME = AppIcon;
				ASSETCATALOG_COMPILER_GLOBAL_ACCENT_COLOR_NAME = AccentColor;
				CODE_SIGN_ENTITLEMENTS = "AmDm AI/AmDm_AI.entitlements";
				CODE_SIGN_IDENTITY = "Apple Development";
				CODE_SIGN_STYLE = Automatic;
				CURRENT_PROJECT_VERSION = 1;
				DEVELOPMENT_ASSET_PATHS = "\"AmDm AI/Preview Content\"";
				DEVELOPMENT_TEAM = "";
				ENABLE_HARDENED_RUNTIME = YES;
				ENABLE_PREVIEWS = YES;
				GENERATE_INFOPLIST_FILE = YES;
				INFOPLIST_KEY_CFBundleDisplayName = AmDm;
				INFOPLIST_KEY_LSApplicationCategoryType = "public.app-category.music";
				"INFOPLIST_KEY_UIApplicationSceneManifest_Generation[sdk=iphoneos*]" = YES;
				"INFOPLIST_KEY_UIApplicationSceneManifest_Generation[sdk=iphonesimulator*]" = YES;
				"INFOPLIST_KEY_UIApplicationSupportsIndirectInputEvents[sdk=iphoneos*]" = YES;
				"INFOPLIST_KEY_UIApplicationSupportsIndirectInputEvents[sdk=iphonesimulator*]" = YES;
				"INFOPLIST_KEY_UILaunchScreen_Generation[sdk=iphoneos*]" = YES;
				"INFOPLIST_KEY_UILaunchScreen_Generation[sdk=iphonesimulator*]" = YES;
				INFOPLIST_KEY_UIStatusBarStyle = UIStatusBarStyleDarkContent;
				"INFOPLIST_KEY_UIStatusBarStyle[sdk=iphoneos*]" = UIStatusBarStyleDefault;
				"INFOPLIST_KEY_UIStatusBarStyle[sdk=iphonesimulator*]" = UIStatusBarStyleDefault;
				INFOPLIST_KEY_UISupportedInterfaceOrientations_iPad = "UIInterfaceOrientationPortrait UIInterfaceOrientationPortraitUpsideDown UIInterfaceOrientationLandscapeLeft UIInterfaceOrientationLandscapeRight";
				INFOPLIST_KEY_UISupportedInterfaceOrientations_iPhone = "UIInterfaceOrientationPortrait UIInterfaceOrientationLandscapeLeft UIInterfaceOrientationLandscapeRight";
				IPHONEOS_DEPLOYMENT_TARGET = 17.0;
				LD_RUNPATH_SEARCH_PATHS = "@executable_path/Frameworks";
				"LD_RUNPATH_SEARCH_PATHS[sdk=macosx*]" = "@executable_path/../Frameworks";
				MACOSX_DEPLOYMENT_TARGET = 14.0;
				MARKETING_VERSION = 0.1;
				PRODUCT_BUNDLE_IDENTIFIER = "com.amdm.amdm.AmDm-AI";
				PRODUCT_NAME = "$(TARGET_NAME)";
				PROVISIONING_PROFILE_SPECIFIER = "";
				SDKROOT = auto;
				SUPPORTED_PLATFORMS = "iphoneos iphonesimulator";
				SUPPORTS_MACCATALYST = NO;
				SWIFT_EMIT_LOC_STRINGS = YES;
				SWIFT_VERSION = 5.0;
				TARGETED_DEVICE_FAMILY = 1;
			};
			name = Release;
		};
/* End XCBuildConfiguration section */

/* Begin XCConfigurationList section */
		C39C872D2BB0073B00EBF82C /* Build configuration list for PBXProject "AmDm AI" */ = {
			isa = XCConfigurationList;
			buildConfigurations = (
				C39C87412BB0073D00EBF82C /* Debug */,
				C39C87422BB0073D00EBF82C /* Release */,
			);
			defaultConfigurationIsVisible = 0;
			defaultConfigurationName = Release;
		};
		C39C87432BB0073D00EBF82C /* Build configuration list for PBXNativeTarget "AmDm AI" */ = {
			isa = XCConfigurationList;
			buildConfigurations = (
				C39C87442BB0073D00EBF82C /* Debug */,
				C39C87452BB0073D00EBF82C /* Release */,
			);
			defaultConfigurationIsVisible = 0;
			defaultConfigurationName = Release;
		};
/* End XCConfigurationList section */
	};
	rootObject = C39C872A2BB0073B00EBF82C /* Project object */;
}
