// !$*UTF8*$!
{
	archiveVersion = 1;
	classes = {
	};
	objectVersion = 56;
	objects = {

/* Begin PBXBuildFile section */
		B71F3FD82BD42D63005C3606 /* YoutubeView.swift in Sources */ = {isa = PBXBuildFile; fileRef = B71F3FD72BD42D63005C3606 /* YoutubeView.swift */; };
		B75A6FE12BE0F882001153ED /* Int.swift in Sources */ = {isa = PBXBuildFile; fileRef = B75A6FE02BE0F882001153ED /* Int.swift */; };
		B798989C2BCAAADB0052C127 /* RecordingService.swift in Sources */ = {isa = PBXBuildFile; fileRef = B798989B2BCAAADB0052C127 /* RecordingService.swift */; };
		B798989E2BCAB9930052C127 /* RecognitionApiService.swift in Sources */ = {isa = PBXBuildFile; fileRef = B798989D2BCAB9930052C127 /* RecognitionApiService.swift */; };
		B79898A12BCABA030052C127 /* Alamofire in Frameworks */ = {isa = PBXBuildFile; productRef = B79898A02BCABA030052C127 /* Alamofire */; };
		B79898A62BCAC2930052C127 /* Realm in Frameworks */ = {isa = PBXBuildFile; productRef = B79898A52BCAC2930052C127 /* Realm */; };
		B79898A82BCAC2930052C127 /* RealmSwift in Frameworks */ = {isa = PBXBuildFile; productRef = B79898A72BCAC2930052C127 /* RealmSwift */; };
		B79898AA2BCAC2CD0052C127 /* DatabaseService.swift in Sources */ = {isa = PBXBuildFile; fileRef = B79898A92BCAC2CD0052C127 /* DatabaseService.swift */; };
		C308BD3A2C4A291B00C54602 /* EditChordsAds.swift in Sources */ = {isa = PBXBuildFile; fileRef = C308BD392C4A291B00C54602 /* EditChordsAds.swift */; };
		C308BD3C2C4CF68C00C54602 /* HideLyricsAds.swift in Sources */ = {isa = PBXBuildFile; fileRef = C308BD3B2C4CF68C00C54602 /* HideLyricsAds.swift */; };
		C308BD3E2C4CF6ED00C54602 /* AdsViewModel.swift in Sources */ = {isa = PBXBuildFile; fileRef = C308BD3D2C4CF6ED00C54602 /* AdsViewModel.swift */; };
		C308BD432C4CF9D700C54602 /* ChordsAndLyricsAds.swift in Sources */ = {isa = PBXBuildFile; fileRef = C308BD422C4CF9D700C54602 /* ChordsAndLyricsAds.swift */; };
		C308BD452C4CF9F600C54602 /* SearchChordsAds.swift in Sources */ = {isa = PBXBuildFile; fileRef = C308BD442C4CF9F600C54602 /* SearchChordsAds.swift */; };
		C308BD472C4CFDF300C54602 /* UpgradeButton.swift in Sources */ = {isa = PBXBuildFile; fileRef = C308BD462C4CFDF300C54602 /* UpgradeButton.swift */; };
		C308BD492C4D152C00C54602 /* TranspositionAds.swift in Sources */ = {isa = PBXBuildFile; fileRef = C308BD482C4D152C00C54602 /* TranspositionAds.swift */; };
		C308BD4D2C5353CC00C54602 /* Paywall.swift in Sources */ = {isa = PBXBuildFile; fileRef = C308BD4C2C5353CC00C54602 /* Paywall.swift */; };
		C308BD4F2C5653F700C54602 /* StoreKitManager.swift in Sources */ = {isa = PBXBuildFile; fileRef = C308BD4E2C5653F700C54602 /* StoreKitManager.swift */; };
		C30ADA5F2C38F4AE00CC9F9A /* LogEvents.swift in Sources */ = {isa = PBXBuildFile; fileRef = C30ADA5E2C38F4AE00CC9F9A /* LogEvents.swift */; };
		C30ADA612C3AB1EB00CC9F9A /* AppDefaults-Info.plist in Resources */ = {isa = PBXBuildFile; fileRef = C30ADA602C3AB1EB00CC9F9A /* AppDefaults-Info.plist */; };
		C30ADA632C3ADB4800CC9F9A /* FormatDuration.swift in Sources */ = {isa = PBXBuildFile; fileRef = C30ADA622C3ADB4800CC9F9A /* FormatDuration.swift */; };
		C30ADA652C3FB80300CC9F9A /* AppDefaults.swift in Sources */ = {isa = PBXBuildFile; fileRef = C30ADA642C3FB80300CC9F9A /* AppDefaults.swift */; };
		C30ADA672C40523000CC9F9A /* DurationLimitView.swift in Sources */ = {isa = PBXBuildFile; fileRef = C30ADA662C40523000CC9F9A /* DurationLimitView.swift */; };
		C30ADA692C41679200CC9F9A /* EditChordsView.swift in Sources */ = {isa = PBXBuildFile; fileRef = C30ADA682C41679200CC9F9A /* EditChordsView.swift */; };
		C34150A12C4623B700C4C3B2 /* AdsView.swift in Sources */ = {isa = PBXBuildFile; fileRef = C34150A02C4623B700C4C3B2 /* AdsView.swift */; };
		C34150A32C46242B00C4C3B2 /* PlaybackControls.swift in Sources */ = {isa = PBXBuildFile; fileRef = C34150A22C46242B00C4C3B2 /* PlaybackControls.swift */; };
		C34150A52C46280900C4C3B2 /* TopPanel.swift in Sources */ = {isa = PBXBuildFile; fileRef = C34150A42C46280900C4C3B2 /* TopPanel.swift */; };
		C34150A72C462A2400C4C3B2 /* ChordsAndLyrics.swift in Sources */ = {isa = PBXBuildFile; fileRef = C34150A62C462A2400C4C3B2 /* ChordsAndLyrics.swift */; };
		C34150A92C47E8AE00C4C3B2 /* NavigationPrimaryButton.swift in Sources */ = {isa = PBXBuildFile; fileRef = C34150A82C47E8AE00C4C3B2 /* NavigationPrimaryButton.swift */; };
		C34150AB2C47E8E200C4C3B2 /* NavigationSecondaryButton.swift in Sources */ = {isa = PBXBuildFile; fileRef = C34150AA2C47E8E200C4C3B2 /* NavigationSecondaryButton.swift */; };
		C34A9BF32BD2EC7800CFC08F /* AudioPlayerService.swift in Sources */ = {isa = PBXBuildFile; fileRef = C34A9BF22BD2EC7800CFC08F /* AudioPlayerService.swift */; };
		C34D48732C298E810008E5CE /* YouTubePlayerService.swift in Sources */ = {isa = PBXBuildFile; fileRef = C34D48722C298E810008E5CE /* YouTubePlayerService.swift */; };
		C34D48752C2DA6970008E5CE /* UniPlayer.swift in Sources */ = {isa = PBXBuildFile; fileRef = C34D48742C2DA6970008E5CE /* UniPlayer.swift */; };
		C34D48782C2EBB830008E5CE /* MoreShapesView.swift in Sources */ = {isa = PBXBuildFile; fileRef = C34D48772C2EBB830008E5CE /* MoreShapesView.swift */; };
		C357AB142BB7EB4B00440554 /* ActionButton.swift in Sources */ = {isa = PBXBuildFile; fileRef = C357AB132BB7EB4B00440554 /* ActionButton.swift */; };
		C361E8272BB860D300F33B40 /* Helpers.swift in Sources */ = {isa = PBXBuildFile; fileRef = C361E8262BB860D300F33B40 /* Helpers.swift */; };
		C3693C082BF6371D00DC137B /* SongList.swift in Sources */ = {isa = PBXBuildFile; fileRef = C3693C072BF6371D00DC137B /* SongList.swift */; };
		C36F9EB32BEA85F200D5836C /* LiveWaveform.swift in Sources */ = {isa = PBXBuildFile; fileRef = C36F9EB22BEA85F200D5836C /* LiveWaveform.swift */; };
		C37996E02C0757BF00DA3556 /* CircleOf5th.swift in Sources */ = {isa = PBXBuildFile; fileRef = C37996DF2C0757BF00DA3556 /* CircleOf5th.swift */; };
		C37996E32C0853C500DA3556 /* ChordLibrary.swift in Sources */ = {isa = PBXBuildFile; fileRef = C37996E22C0853C500DA3556 /* ChordLibrary.swift */; };
		C37996E52C08580600DA3556 /* ChordSearch.swift in Sources */ = {isa = PBXBuildFile; fileRef = C37996E42C08580600DA3556 /* ChordSearch.swift */; };
		C37996E72C089B9E00DA3556 /* ChordLibraryModel.swift in Sources */ = {isa = PBXBuildFile; fileRef = C37996E62C089B9E00DA3556 /* ChordLibraryModel.swift */; };
		C37D58342BFB181B001DA8E1 /* SearchView.swift in Sources */ = {isa = PBXBuildFile; fileRef = C37D58332BFB181B001DA8E1 /* SearchView.swift */; };
		C37D58362BFB1855001DA8E1 /* EmptySongList.swift in Sources */ = {isa = PBXBuildFile; fileRef = C37D58352BFB1855001DA8E1 /* EmptySongList.swift */; };
		C37D58392BFB18A3001DA8E1 /* Glow+Opacity.swift in Sources */ = {isa = PBXBuildFile; fileRef = C37D58382BFB18A3001DA8E1 /* Glow+Opacity.swift */; };
		C37D583B2BFB18F0001DA8E1 /* RecognizedSong+Loader.swift in Sources */ = {isa = PBXBuildFile; fileRef = C37D583A2BFB18F0001DA8E1 /* RecognizedSong+Loader.swift */; };
		C37D583D2BFB2052001DA8E1 /* SplashScreen.swift in Sources */ = {isa = PBXBuildFile; fileRef = C37D583C2BFB2052001DA8E1 /* SplashScreen.swift */; };
		C37D58402BFB25E4001DA8E1 /* OnboardingPage1.swift in Sources */ = {isa = PBXBuildFile; fileRef = C37D583F2BFB25E4001DA8E1 /* OnboardingPage1.swift */; };
		C37D58462BFB491E001DA8E1 /* OnboardingPage2.swift in Sources */ = {isa = PBXBuildFile; fileRef = C37D58452BFB491E001DA8E1 /* OnboardingPage2.swift */; };
		C37DCF102BDE338F00DD38A0 /* AllSongs.swift in Sources */ = {isa = PBXBuildFile; fileRef = C37DCF0F2BDE338F00DD38A0 /* AllSongs.swift */; };
		C39B6D892BEFA520002279E3 /* AudioKit in Frameworks */ = {isa = PBXBuildFile; productRef = C39B6D882BEFA520002279E3 /* AudioKit */; };
		C39B6D8C2BEFA6DF002279E3 /* SoundpipeAudioKit in Frameworks */ = {isa = PBXBuildFile; productRef = C39B6D8B2BEFA6DF002279E3 /* SoundpipeAudioKit */; };
		C39B6D912BEFC873002279E3 /* TunerView.swift in Sources */ = {isa = PBXBuildFile; fileRef = C39B6D902BEFC873002279E3 /* TunerView.swift */; };
		C39B6D932BEFE3F6002279E3 /* TunerModel.swift in Sources */ = {isa = PBXBuildFile; fileRef = C39B6D922BEFE3F6002279E3 /* TunerModel.swift */; };
		C39C87362BB0073B00EBF82C /* AmDm_AIApp.swift in Sources */ = {isa = PBXBuildFile; fileRef = C39C87352BB0073B00EBF82C /* AmDm_AIApp.swift */; };
		C39C87402BB0073D00EBF82C /* Preview Assets.xcassets in Resources */ = {isa = PBXBuildFile; fileRef = C39C873F2BB0073D00EBF82C /* Preview Assets.xcassets */; };
		C3A0CF6C2BB9C20200A0C4FD /* Timer.swift in Sources */ = {isa = PBXBuildFile; fileRef = C3A0CF6B2BB9C20200A0C4FD /* Timer.swift */; };
		C3A16A912BF7A87B00C389F0 /* CircularProgressBar.swift in Sources */ = {isa = PBXBuildFile; fileRef = C3A16A902BF7A87B00C389F0 /* CircularProgressBar.swift */; };
		C3A9935D2C35737100C2D8B5 /* OptionsView.swift in Sources */ = {isa = PBXBuildFile; fileRef = C3A9935C2C35737100C2D8B5 /* OptionsView.swift */; };
		C3A9935F2C3573AD00C2D8B5 /* NavbarView.swift in Sources */ = {isa = PBXBuildFile; fileRef = C3A9935E2C3573AD00C2D8B5 /* NavbarView.swift */; };
		C3A993612C35761400C2D8B5 /* ChordShapesView.swift in Sources */ = {isa = PBXBuildFile; fileRef = C3A993602C35761400C2D8B5 /* ChordShapesView.swift */; };
		C3A993632C36BD5C00C2D8B5 /* GoogleService-Info.plist in Resources */ = {isa = PBXBuildFile; fileRef = C3A993622C36BD5C00C2D8B5 /* GoogleService-Info.plist */; };
		C3A993AB2C36D2F200C2D8B5 /* AppCheckService.swift in Sources */ = {isa = PBXBuildFile; fileRef = C3A993AA2C36D2F200C2D8B5 /* AppCheckService.swift */; };
		C3AC1B812C0C3981000DE8E5 /* WrappingHStack.swift in Sources */ = {isa = PBXBuildFile; fileRef = C3AC1B802C0C3981000DE8E5 /* WrappingHStack.swift */; };
		C3AC1B852C0F6EE9000DE8E5 /* ChordSuffixes.swift in Sources */ = {isa = PBXBuildFile; fileRef = C3AC1B842C0F6EE9000DE8E5 /* ChordSuffixes.swift */; };
		C3AC1BA32C105EE9000DE8E5 /* SwiftyChords in Frameworks */ = {isa = PBXBuildFile; productRef = C3AC1BA22C105EE9000DE8E5 /* SwiftyChords */; };
		C3AC1BA72C1AB52D000DE8E5 /* YouTubeAPIService.swift in Sources */ = {isa = PBXBuildFile; fileRef = C3AC1BA62C1AB52D000DE8E5 /* YouTubeAPIService.swift */; };
		C3AD8ED22BB1648000D94DB5 /* SubscriptionModel.swift in Sources */ = {isa = PBXBuildFile; fileRef = C3AD8ED12BB1647F00D94DB5 /* SubscriptionModel.swift */; };
		C3AD97052C5A3615004097A4 /* FirebaseAnalytics in Frameworks */ = {isa = PBXBuildFile; productRef = C3AD97042C5A3615004097A4 /* FirebaseAnalytics */; };
		C3AD97072C5A3615004097A4 /* FirebaseAnalyticsOnDeviceConversion in Frameworks */ = {isa = PBXBuildFile; productRef = C3AD97062C5A3615004097A4 /* FirebaseAnalyticsOnDeviceConversion */; };
		C3AD97092C5A3615004097A4 /* FirebaseAnalyticsWithoutAdIdSupport in Frameworks */ = {isa = PBXBuildFile; productRef = C3AD97082C5A3615004097A4 /* FirebaseAnalyticsWithoutAdIdSupport */; };
		C3AD970B2C5A3615004097A4 /* FirebaseAuth in Frameworks */ = {isa = PBXBuildFile; productRef = C3AD970A2C5A3615004097A4 /* FirebaseAuth */; };
		C3AD970D2C5A3615004097A4 /* FirebaseAuthCombine-Community in Frameworks */ = {isa = PBXBuildFile; productRef = C3AD970C2C5A3615004097A4 /* FirebaseAuthCombine-Community */; };
		C3AD970F2C5A3615004097A4 /* FirebaseCrashlytics in Frameworks */ = {isa = PBXBuildFile; productRef = C3AD970E2C5A3615004097A4 /* FirebaseCrashlytics */; };
		C3AD97112C5A3615004097A4 /* FirebaseInAppMessaging-Beta in Frameworks */ = {isa = PBXBuildFile; productRef = C3AD97102C5A3615004097A4 /* FirebaseInAppMessaging-Beta */; };
		C3AD97132C5A3615004097A4 /* FirebaseMessaging in Frameworks */ = {isa = PBXBuildFile; productRef = C3AD97122C5A3615004097A4 /* FirebaseMessaging */; };
		C3DC6FD32BFCDB2E00EA0095 /* AppRoot.swift in Sources */ = {isa = PBXBuildFile; fileRef = C3DC6FD22BFCDB2E00EA0095 /* AppRoot.swift */; };
		C3DC6FDA2BFDF2B300EA0095 /* PlaybackView.swift in Sources */ = {isa = PBXBuildFile; fileRef = C3DC6FD92BFDF2B300EA0095 /* PlaybackView.swift */; };
		C3DC6FDD2BFE1E3F00EA0095 /* YouTubePlayerKit in Frameworks */ = {isa = PBXBuildFile; productRef = C3DC6FDC2BFE1E3F00EA0095 /* YouTubePlayerKit */; };
		C3DC6FDF2C02EF6400EA0095 /* Tunings.swift in Sources */ = {isa = PBXBuildFile; fileRef = C3DC6FDE2C02EF6400EA0095 /* Tunings.swift */; };
		C3DE80ED2BC1C3010063189D /* Settings.swift in Sources */ = {isa = PBXBuildFile; fileRef = C3DE80EC2BC1C3010063189D /* Settings.swift */; };
		C3DF0ABC2BE93D1900F69AFB /* Chunked.swift in Sources */ = {isa = PBXBuildFile; fileRef = C3DF0ABB2BE93D1900F69AFB /* Chunked.swift */; };
		C3F0B6232BF21EBA00866D2B /* MusicModel.swift in Sources */ = {isa = PBXBuildFile; fileRef = C3F0B6222BF21EBA00866D2B /* MusicModel.swift */; };
		C3F0B6252BF21FC500866D2B /* SongModel.swift in Sources */ = {isa = PBXBuildFile; fileRef = C3F0B6242BF21FC500866D2B /* SongModel.swift */; };
		C3F7AB9C2BE0083100223F10 /* Assets.xcassets in Resources */ = {isa = PBXBuildFile; fileRef = C39C873B2BB0073D00EBF82C /* Assets.xcassets */; };
/* End PBXBuildFile section */

/* Begin PBXFileReference section */
		B71F3FD72BD42D63005C3606 /* YoutubeView.swift */ = {isa = PBXFileReference; lastKnownFileType = sourcecode.swift; path = YoutubeView.swift; sourceTree = "<group>"; };
		B75A6FE02BE0F882001153ED /* Int.swift */ = {isa = PBXFileReference; lastKnownFileType = sourcecode.swift; path = Int.swift; sourceTree = "<group>"; };
		B798989B2BCAAADB0052C127 /* RecordingService.swift */ = {isa = PBXFileReference; lastKnownFileType = sourcecode.swift; path = RecordingService.swift; sourceTree = "<group>"; };
		B798989D2BCAB9930052C127 /* RecognitionApiService.swift */ = {isa = PBXFileReference; lastKnownFileType = sourcecode.swift; path = RecognitionApiService.swift; sourceTree = "<group>"; };
		B79898A92BCAC2CD0052C127 /* DatabaseService.swift */ = {isa = PBXFileReference; lastKnownFileType = sourcecode.swift; path = DatabaseService.swift; sourceTree = "<group>"; };
		C308BD392C4A291B00C54602 /* EditChordsAds.swift */ = {isa = PBXFileReference; lastKnownFileType = sourcecode.swift; path = EditChordsAds.swift; sourceTree = "<group>"; };
		C308BD3B2C4CF68C00C54602 /* HideLyricsAds.swift */ = {isa = PBXFileReference; lastKnownFileType = sourcecode.swift; path = HideLyricsAds.swift; sourceTree = "<group>"; };
		C308BD3D2C4CF6ED00C54602 /* AdsViewModel.swift */ = {isa = PBXFileReference; lastKnownFileType = sourcecode.swift; path = AdsViewModel.swift; sourceTree = "<group>"; };
		C308BD422C4CF9D700C54602 /* ChordsAndLyricsAds.swift */ = {isa = PBXFileReference; lastKnownFileType = sourcecode.swift; path = ChordsAndLyricsAds.swift; sourceTree = "<group>"; };
		C308BD442C4CF9F600C54602 /* SearchChordsAds.swift */ = {isa = PBXFileReference; lastKnownFileType = sourcecode.swift; path = SearchChordsAds.swift; sourceTree = "<group>"; };
		C308BD462C4CFDF300C54602 /* UpgradeButton.swift */ = {isa = PBXFileReference; lastKnownFileType = sourcecode.swift; path = UpgradeButton.swift; sourceTree = "<group>"; };
		C308BD482C4D152C00C54602 /* TranspositionAds.swift */ = {isa = PBXFileReference; lastKnownFileType = sourcecode.swift; path = TranspositionAds.swift; sourceTree = "<group>"; };
		C308BD4C2C5353CC00C54602 /* Paywall.swift */ = {isa = PBXFileReference; lastKnownFileType = sourcecode.swift; path = Paywall.swift; sourceTree = "<group>"; };
		C308BD4E2C5653F700C54602 /* StoreKitManager.swift */ = {isa = PBXFileReference; lastKnownFileType = sourcecode.swift; path = StoreKitManager.swift; sourceTree = "<group>"; };
		C30ADA5E2C38F4AE00CC9F9A /* LogEvents.swift */ = {isa = PBXFileReference; lastKnownFileType = sourcecode.swift; path = LogEvents.swift; sourceTree = "<group>"; };
		C30ADA602C3AB1EB00CC9F9A /* AppDefaults-Info.plist */ = {isa = PBXFileReference; lastKnownFileType = text.plist.xml; path = "AppDefaults-Info.plist"; sourceTree = "<group>"; };
		C30ADA622C3ADB4800CC9F9A /* FormatDuration.swift */ = {isa = PBXFileReference; lastKnownFileType = sourcecode.swift; path = FormatDuration.swift; sourceTree = "<group>"; };
		C30ADA642C3FB80300CC9F9A /* AppDefaults.swift */ = {isa = PBXFileReference; lastKnownFileType = sourcecode.swift; path = AppDefaults.swift; sourceTree = "<group>"; };
		C30ADA662C40523000CC9F9A /* DurationLimitView.swift */ = {isa = PBXFileReference; lastKnownFileType = sourcecode.swift; path = DurationLimitView.swift; sourceTree = "<group>"; };
		C30ADA682C41679200CC9F9A /* EditChordsView.swift */ = {isa = PBXFileReference; lastKnownFileType = sourcecode.swift; path = EditChordsView.swift; sourceTree = "<group>"; };
		C32C77372BE5FA6000A197E3 /* Pro Chords.storekit */ = {isa = PBXFileReference; lastKnownFileType = text; path = "Pro Chords.storekit"; sourceTree = "<group>"; };
		C34150A02C4623B700C4C3B2 /* AdsView.swift */ = {isa = PBXFileReference; lastKnownFileType = sourcecode.swift; path = AdsView.swift; sourceTree = "<group>"; };
		C34150A22C46242B00C4C3B2 /* PlaybackControls.swift */ = {isa = PBXFileReference; lastKnownFileType = sourcecode.swift; path = PlaybackControls.swift; sourceTree = "<group>"; };
		C34150A42C46280900C4C3B2 /* TopPanel.swift */ = {isa = PBXFileReference; lastKnownFileType = sourcecode.swift; path = TopPanel.swift; sourceTree = "<group>"; };
		C34150A62C462A2400C4C3B2 /* ChordsAndLyrics.swift */ = {isa = PBXFileReference; lastKnownFileType = sourcecode.swift; path = ChordsAndLyrics.swift; sourceTree = "<group>"; };
		C34150A82C47E8AE00C4C3B2 /* NavigationPrimaryButton.swift */ = {isa = PBXFileReference; lastKnownFileType = sourcecode.swift; path = NavigationPrimaryButton.swift; sourceTree = "<group>"; };
		C34150AA2C47E8E200C4C3B2 /* NavigationSecondaryButton.swift */ = {isa = PBXFileReference; lastKnownFileType = sourcecode.swift; path = NavigationSecondaryButton.swift; sourceTree = "<group>"; };
		C34A9BF22BD2EC7800CFC08F /* AudioPlayerService.swift */ = {isa = PBXFileReference; lastKnownFileType = sourcecode.swift; path = AudioPlayerService.swift; sourceTree = "<group>"; };
		C34D48722C298E810008E5CE /* YouTubePlayerService.swift */ = {isa = PBXFileReference; lastKnownFileType = sourcecode.swift; path = YouTubePlayerService.swift; sourceTree = "<group>"; };
		C34D48742C2DA6970008E5CE /* UniPlayer.swift */ = {isa = PBXFileReference; lastKnownFileType = sourcecode.swift; path = UniPlayer.swift; sourceTree = "<group>"; };
		C34D48772C2EBB830008E5CE /* MoreShapesView.swift */ = {isa = PBXFileReference; lastKnownFileType = sourcecode.swift; path = MoreShapesView.swift; sourceTree = "<group>"; };
		C357AB132BB7EB4B00440554 /* ActionButton.swift */ = {isa = PBXFileReference; lastKnownFileType = sourcecode.swift; path = ActionButton.swift; sourceTree = "<group>"; };
		C361E8262BB860D300F33B40 /* Helpers.swift */ = {isa = PBXFileReference; lastKnownFileType = sourcecode.swift; path = Helpers.swift; sourceTree = "<group>"; };
		C3693C072BF6371D00DC137B /* SongList.swift */ = {isa = PBXFileReference; lastKnownFileType = sourcecode.swift; path = SongList.swift; sourceTree = "<group>"; };
		C36F9EB22BEA85F200D5836C /* LiveWaveform.swift */ = {isa = PBXFileReference; lastKnownFileType = sourcecode.swift; path = LiveWaveform.swift; sourceTree = "<group>"; };
		C37996DF2C0757BF00DA3556 /* CircleOf5th.swift */ = {isa = PBXFileReference; lastKnownFileType = sourcecode.swift; path = CircleOf5th.swift; sourceTree = "<group>"; };
		C37996E22C0853C500DA3556 /* ChordLibrary.swift */ = {isa = PBXFileReference; lastKnownFileType = sourcecode.swift; path = ChordLibrary.swift; sourceTree = "<group>"; };
		C37996E42C08580600DA3556 /* ChordSearch.swift */ = {isa = PBXFileReference; lastKnownFileType = sourcecode.swift; path = ChordSearch.swift; sourceTree = "<group>"; };
		C37996E62C089B9E00DA3556 /* ChordLibraryModel.swift */ = {isa = PBXFileReference; lastKnownFileType = sourcecode.swift; path = ChordLibraryModel.swift; sourceTree = "<group>"; };
		C37D58332BFB181B001DA8E1 /* SearchView.swift */ = {isa = PBXFileReference; lastKnownFileType = sourcecode.swift; path = SearchView.swift; sourceTree = "<group>"; };
		C37D58352BFB1855001DA8E1 /* EmptySongList.swift */ = {isa = PBXFileReference; lastKnownFileType = sourcecode.swift; path = EmptySongList.swift; sourceTree = "<group>"; };
		C37D58382BFB18A3001DA8E1 /* Glow+Opacity.swift */ = {isa = PBXFileReference; lastKnownFileType = sourcecode.swift; path = "Glow+Opacity.swift"; sourceTree = "<group>"; };
		C37D583A2BFB18F0001DA8E1 /* RecognizedSong+Loader.swift */ = {isa = PBXFileReference; lastKnownFileType = sourcecode.swift; path = "RecognizedSong+Loader.swift"; sourceTree = "<group>"; };
		C37D583C2BFB2052001DA8E1 /* SplashScreen.swift */ = {isa = PBXFileReference; lastKnownFileType = sourcecode.swift; path = SplashScreen.swift; sourceTree = "<group>"; };
		C37D583F2BFB25E4001DA8E1 /* OnboardingPage1.swift */ = {isa = PBXFileReference; lastKnownFileType = sourcecode.swift; path = OnboardingPage1.swift; sourceTree = "<group>"; };
		C37D58452BFB491E001DA8E1 /* OnboardingPage2.swift */ = {isa = PBXFileReference; lastKnownFileType = sourcecode.swift; path = OnboardingPage2.swift; sourceTree = "<group>"; };
		C37DCF0F2BDE338F00DD38A0 /* AllSongs.swift */ = {isa = PBXFileReference; lastKnownFileType = sourcecode.swift; path = AllSongs.swift; sourceTree = "<group>"; };
		C39B6D902BEFC873002279E3 /* TunerView.swift */ = {isa = PBXFileReference; lastKnownFileType = sourcecode.swift; path = TunerView.swift; sourceTree = "<group>"; };
		C39B6D922BEFE3F6002279E3 /* TunerModel.swift */ = {isa = PBXFileReference; lastKnownFileType = sourcecode.swift; path = TunerModel.swift; sourceTree = "<group>"; };
		C39C87322BB0073B00EBF82C /* AmDm AI.app */ = {isa = PBXFileReference; explicitFileType = wrapper.application; includeInIndex = 0; path = "AmDm AI.app"; sourceTree = BUILT_PRODUCTS_DIR; };
		C39C87352BB0073B00EBF82C /* AmDm_AIApp.swift */ = {isa = PBXFileReference; lastKnownFileType = sourcecode.swift; path = AmDm_AIApp.swift; sourceTree = "<group>"; };
		C39C873B2BB0073D00EBF82C /* Assets.xcassets */ = {isa = PBXFileReference; lastKnownFileType = folder.assetcatalog; path = Assets.xcassets; sourceTree = "<group>"; };
		C39C873D2BB0073D00EBF82C /* AmDm_AI.entitlements */ = {isa = PBXFileReference; lastKnownFileType = text.plist.entitlements; path = AmDm_AI.entitlements; sourceTree = "<group>"; };
		C39C873F2BB0073D00EBF82C /* Preview Assets.xcassets */ = {isa = PBXFileReference; lastKnownFileType = folder.assetcatalog; path = "Preview Assets.xcassets"; sourceTree = "<group>"; };
		C3A0CF6B2BB9C20200A0C4FD /* Timer.swift */ = {isa = PBXFileReference; lastKnownFileType = sourcecode.swift; path = Timer.swift; sourceTree = "<group>"; };
		C3A16A902BF7A87B00C389F0 /* CircularProgressBar.swift */ = {isa = PBXFileReference; lastKnownFileType = sourcecode.swift; path = CircularProgressBar.swift; sourceTree = "<group>"; };
		C3A9935C2C35737100C2D8B5 /* OptionsView.swift */ = {isa = PBXFileReference; lastKnownFileType = sourcecode.swift; path = OptionsView.swift; sourceTree = "<group>"; };
		C3A9935E2C3573AD00C2D8B5 /* NavbarView.swift */ = {isa = PBXFileReference; lastKnownFileType = sourcecode.swift; path = NavbarView.swift; sourceTree = "<group>"; };
		C3A993602C35761400C2D8B5 /* ChordShapesView.swift */ = {isa = PBXFileReference; lastKnownFileType = sourcecode.swift; path = ChordShapesView.swift; sourceTree = "<group>"; };
		C3A993622C36BD5C00C2D8B5 /* GoogleService-Info.plist */ = {isa = PBXFileReference; fileEncoding = 4; lastKnownFileType = text.plist.xml; path = "GoogleService-Info.plist"; sourceTree = "<group>"; };
		C3A993AA2C36D2F200C2D8B5 /* AppCheckService.swift */ = {isa = PBXFileReference; lastKnownFileType = sourcecode.swift; path = AppCheckService.swift; sourceTree = "<group>"; };
		C3A993AC2C36D54E00C2D8B5 /* AmDm AIRelease.entitlements */ = {isa = PBXFileReference; lastKnownFileType = text.plist.entitlements; path = "AmDm AIRelease.entitlements"; sourceTree = "<group>"; };
		C3AC1B802C0C3981000DE8E5 /* WrappingHStack.swift */ = {isa = PBXFileReference; lastKnownFileType = sourcecode.swift; path = WrappingHStack.swift; sourceTree = "<group>"; };
		C3AC1B842C0F6EE9000DE8E5 /* ChordSuffixes.swift */ = {isa = PBXFileReference; lastKnownFileType = sourcecode.swift; path = ChordSuffixes.swift; sourceTree = "<group>"; };
		C3AC1BA62C1AB52D000DE8E5 /* YouTubeAPIService.swift */ = {isa = PBXFileReference; lastKnownFileType = sourcecode.swift; path = YouTubeAPIService.swift; sourceTree = "<group>"; };
		C3AD8ED12BB1647F00D94DB5 /* SubscriptionModel.swift */ = {isa = PBXFileReference; lastKnownFileType = sourcecode.swift; path = SubscriptionModel.swift; sourceTree = "<group>"; };
		C3DC6FD22BFCDB2E00EA0095 /* AppRoot.swift */ = {isa = PBXFileReference; lastKnownFileType = sourcecode.swift; path = AppRoot.swift; sourceTree = "<group>"; };
		C3DC6FD92BFDF2B300EA0095 /* PlaybackView.swift */ = {isa = PBXFileReference; lastKnownFileType = sourcecode.swift; path = PlaybackView.swift; sourceTree = "<group>"; };
		C3DC6FDE2C02EF6400EA0095 /* Tunings.swift */ = {isa = PBXFileReference; lastKnownFileType = sourcecode.swift; path = Tunings.swift; sourceTree = "<group>"; };
		C3DE80EC2BC1C3010063189D /* Settings.swift */ = {isa = PBXFileReference; lastKnownFileType = sourcecode.swift; path = Settings.swift; sourceTree = "<group>"; };
		C3DE80EE2BC45C250063189D /* AmDm-AI-Info.plist */ = {isa = PBXFileReference; lastKnownFileType = text.plist; path = "AmDm-AI-Info.plist"; sourceTree = SOURCE_ROOT; };
		C3DF0ABB2BE93D1900F69AFB /* Chunked.swift */ = {isa = PBXFileReference; lastKnownFileType = sourcecode.swift; path = Chunked.swift; sourceTree = "<group>"; };
		C3F0B6222BF21EBA00866D2B /* MusicModel.swift */ = {isa = PBXFileReference; lastKnownFileType = sourcecode.swift; path = MusicModel.swift; sourceTree = "<group>"; };
		C3F0B6242BF21FC500866D2B /* SongModel.swift */ = {isa = PBXFileReference; lastKnownFileType = sourcecode.swift; path = SongModel.swift; sourceTree = "<group>"; };
/* End PBXFileReference section */

/* Begin PBXFrameworksBuildPhase section */
		C39C872F2BB0073B00EBF82C /* Frameworks */ = {
			isa = PBXFrameworksBuildPhase;
			buildActionMask = 2147483647;
			files = (
				C3AC1BA32C105EE9000DE8E5 /* SwiftyChords in Frameworks */,
				C3AD97112C5A3615004097A4 /* FirebaseInAppMessaging-Beta in Frameworks */,
				C3AD97092C5A3615004097A4 /* FirebaseAnalyticsWithoutAdIdSupport in Frameworks */,
				C39B6D892BEFA520002279E3 /* AudioKit in Frameworks */,
				C3AD97052C5A3615004097A4 /* FirebaseAnalytics in Frameworks */,
				B79898A82BCAC2930052C127 /* RealmSwift in Frameworks */,
				C3AD97072C5A3615004097A4 /* FirebaseAnalyticsOnDeviceConversion in Frameworks */,
				C3DC6FDD2BFE1E3F00EA0095 /* YouTubePlayerKit in Frameworks */,
				C3AD970D2C5A3615004097A4 /* FirebaseAuthCombine-Community in Frameworks */,
				C3AD970B2C5A3615004097A4 /* FirebaseAuth in Frameworks */,
				C3AD970F2C5A3615004097A4 /* FirebaseCrashlytics in Frameworks */,
				B79898A12BCABA030052C127 /* Alamofire in Frameworks */,
				C3AD97132C5A3615004097A4 /* FirebaseMessaging in Frameworks */,
				C39B6D8C2BEFA6DF002279E3 /* SoundpipeAudioKit in Frameworks */,
				B79898A62BCAC2930052C127 /* Realm in Frameworks */,
			);
			runOnlyForDeploymentPostprocessing = 0;
		};
/* End PBXFrameworksBuildPhase section */

/* Begin PBXGroup section */
		B75A6FDF2BE0F870001153ED /* Extensions */ = {
			isa = PBXGroup;
			children = (
				B75A6FE02BE0F882001153ED /* Int.swift */,
				C3DF0ABB2BE93D1900F69AFB /* Chunked.swift */,
				C30ADA5E2C38F4AE00CC9F9A /* LogEvents.swift */,
				C30ADA622C3ADB4800CC9F9A /* FormatDuration.swift */,
			);
			path = Extensions;
			sourceTree = "<group>";
		};
		B798989A2BCAAAAB0052C127 /* Services */ = {
			isa = PBXGroup;
			children = (
				B798989B2BCAAADB0052C127 /* RecordingService.swift */,
				B798989D2BCAB9930052C127 /* RecognitionApiService.swift */,
				B79898A92BCAC2CD0052C127 /* DatabaseService.swift */,
				C34A9BF22BD2EC7800CFC08F /* AudioPlayerService.swift */,
				C3AC1BA62C1AB52D000DE8E5 /* YouTubeAPIService.swift */,
				C34D48722C298E810008E5CE /* YouTubePlayerService.swift */,
				C3A993AA2C36D2F200C2D8B5 /* AppCheckService.swift */,
				C308BD4E2C5653F700C54602 /* StoreKitManager.swift */,
			);
			path = Services;
			sourceTree = "<group>";
		};
		C308BD3F2C4CF75600C54602 /* Ads */ = {
			isa = PBXGroup;
			children = (
				C308BD392C4A291B00C54602 /* EditChordsAds.swift */,
				C308BD3B2C4CF68C00C54602 /* HideLyricsAds.swift */,
				C308BD422C4CF9D700C54602 /* ChordsAndLyricsAds.swift */,
				C308BD442C4CF9F600C54602 /* SearchChordsAds.swift */,
				C308BD482C4D152C00C54602 /* TranspositionAds.swift */,
			);
			path = Ads;
			sourceTree = "<group>";
		};
		C34D48762C2E566E0008E5CE /* Components */ = {
			isa = PBXGroup;
			children = (
				C308BD3F2C4CF75600C54602 /* Ads */,
				C34D48772C2EBB830008E5CE /* MoreShapesView.swift */,
				C3A9935C2C35737100C2D8B5 /* OptionsView.swift */,
				C3A9935E2C3573AD00C2D8B5 /* NavbarView.swift */,
				C3A993602C35761400C2D8B5 /* ChordShapesView.swift */,
				C30ADA682C41679200CC9F9A /* EditChordsView.swift */,
				C34150A02C4623B700C4C3B2 /* AdsView.swift */,
				C34150A22C46242B00C4C3B2 /* PlaybackControls.swift */,
				C34150A42C46280900C4C3B2 /* TopPanel.swift */,
				C34150A62C462A2400C4C3B2 /* ChordsAndLyrics.swift */,
				C308BD462C4CFDF300C54602 /* UpgradeButton.swift */,
			);
			path = Components;
			sourceTree = "<group>";
		};
		C357AB032BB7D4CC00440554 /* SharedComponents */ = {
			isa = PBXGroup;
			children = (
				C37D58372BFB1871001DA8E1 /* ViewModifiers */,
				C357AB132BB7EB4B00440554 /* ActionButton.swift */,
			);
			path = SharedComponents;
			sourceTree = "<group>";
		};
		C361E8252BB860C200F33B40 /* Helpers */ = {
			isa = PBXGroup;
			children = (
				B75A6FDF2BE0F870001153ED /* Extensions */,
				C361E8262BB860D300F33B40 /* Helpers.swift */,
			);
			path = Helpers;
			sourceTree = "<group>";
		};
		C376F5832BB1E67700826453 /* AllSongs */ = {
			isa = PBXGroup;
			children = (
				C3DF0ABA2BE93BF000F69AFB /* Components */,
				C37DCF0F2BDE338F00DD38A0 /* AllSongs.swift */,
			);
			path = AllSongs;
			sourceTree = "<group>";
		};
		C37996E12C0847B200DA3556 /* ChordLibrary */ = {
			isa = PBXGroup;
			children = (
				C3AC1B782C0AF714000DE8E5 /* Model */,
				C3AC1B7B2C0B1B10000DE8E5 /* Components */,
				C37996E22C0853C500DA3556 /* ChordLibrary.swift */,
			);
			path = ChordLibrary;
			sourceTree = "<group>";
		};
		C37D58372BFB1871001DA8E1 /* ViewModifiers */ = {
			isa = PBXGroup;
			children = (
				C37D58382BFB18A3001DA8E1 /* Glow+Opacity.swift */,
			);
			path = ViewModifiers;
			sourceTree = "<group>";
		};
		C37D583E2BFB20AE001DA8E1 /* Onboarding */ = {
			isa = PBXGroup;
			children = (
				C37D583C2BFB2052001DA8E1 /* SplashScreen.swift */,
				C37D583F2BFB25E4001DA8E1 /* OnboardingPage1.swift */,
				C37D58452BFB491E001DA8E1 /* OnboardingPage2.swift */,
			);
			path = Onboarding;
			sourceTree = "<group>";
		};
		C39B6D822BEFA47F002279E3 /* Tuner */ = {
			isa = PBXGroup;
			children = (
				C39B6D902BEFC873002279E3 /* TunerView.swift */,
				C39B6D922BEFE3F6002279E3 /* TunerModel.swift */,
				C3DC6FDE2C02EF6400EA0095 /* Tunings.swift */,
			);
			path = Tuner;
			sourceTree = "<group>";
		};
		C39C87292BB0073B00EBF82C = {
			isa = PBXGroup;
			children = (
				C39C87342BB0073B00EBF82C /* AmDm AI */,
				C39C87332BB0073B00EBF82C /* Products */,
			);
			sourceTree = "<group>";
		};
		C39C87332BB0073B00EBF82C /* Products */ = {
			isa = PBXGroup;
			children = (
				C39C87322BB0073B00EBF82C /* AmDm AI.app */,
			);
			name = Products;
			sourceTree = "<group>";
		};
		C39C87342BB0073B00EBF82C /* AmDm AI */ = {
			isa = PBXGroup;
			children = (
				C3A993AC2C36D54E00C2D8B5 /* AmDm AIRelease.entitlements */,
				C3DE80EE2BC45C250063189D /* AmDm-AI-Info.plist */,
				C39C873B2BB0073D00EBF82C /* Assets.xcassets */,
				C3A993622C36BD5C00C2D8B5 /* GoogleService-Info.plist */,
				C30ADA602C3AB1EB00CC9F9A /* AppDefaults-Info.plist */,
				C39C87352BB0073B00EBF82C /* AmDm_AIApp.swift */,
				C39C873D2BB0073D00EBF82C /* AmDm_AI.entitlements */,
				C3B54DFE2BB1AB0A000DCF15 /* Models */,
				C361E8252BB860C200F33B40 /* Helpers */,
				B798989A2BCAAAAB0052C127 /* Services */,
				C357AB032BB7D4CC00440554 /* SharedComponents */,
				C3B54DFA2BB1AA55000DCF15 /* Screens */,
				C39C873E2BB0073D00EBF82C /* Preview Content */,
			);
			path = "AmDm AI";
			sourceTree = "<group>";
		};
		C39C873E2BB0073D00EBF82C /* Preview Content */ = {
			isa = PBXGroup;
			children = (
				C39C873F2BB0073D00EBF82C /* Preview Assets.xcassets */,
			);
			path = "Preview Content";
			sourceTree = "<group>";
		};
		C3AC1B782C0AF714000DE8E5 /* Model */ = {
			isa = PBXGroup;
			children = (
				C37996E62C089B9E00DA3556 /* ChordLibraryModel.swift */,
			);
			path = Model;
			sourceTree = "<group>";
		};
		C3AC1B7B2C0B1B10000DE8E5 /* Components */ = {
			isa = PBXGroup;
			children = (
				C3AC1B802C0C3981000DE8E5 /* WrappingHStack.swift */,
				C37996DF2C0757BF00DA3556 /* CircleOf5th.swift */,
				C37996E42C08580600DA3556 /* ChordSearch.swift */,
				C3AC1B842C0F6EE9000DE8E5 /* ChordSuffixes.swift */,
			);
			path = Components;
			sourceTree = "<group>";
		};
		C3AC1BBD2C22A344000DE8E5 /* Models */ = {
			isa = PBXGroup;
			children = (
				C34D48742C2DA6970008E5CE /* UniPlayer.swift */,
				C308BD3D2C4CF6ED00C54602 /* AdsViewModel.swift */,
			);
			path = Models;
			sourceTree = "<group>";
		};
		C3B54DFA2BB1AA55000DCF15 /* Screens */ = {
			isa = PBXGroup;
			children = (
				C3DC6FD22BFCDB2E00EA0095 /* AppRoot.swift */,
				C37996E12C0847B200DA3556 /* ChordLibrary */,
				C37D583E2BFB20AE001DA8E1 /* Onboarding */,
				C39B6D822BEFA47F002279E3 /* Tuner */,
				C3DE80EB2BC1C2BE0063189D /* Settings */,
				C376F5832BB1E67700826453 /* AllSongs */,
				C3DC6FD82BFDF26E00EA0095 /* Playback */,
				C3B54DFB2BB1AA9F000DCF15 /* Paywall */,
			);
			path = Screens;
			sourceTree = "<group>";
		};
		C3B54DFB2BB1AA9F000DCF15 /* Paywall */ = {
			isa = PBXGroup;
			children = (
				C3F0B6262BF2213B00866D2B /* Models */,
				C308BD4C2C5353CC00C54602 /* Paywall.swift */,
			);
			path = Paywall;
			sourceTree = "<group>";
		};
		C3B54DFE2BB1AB0A000DCF15 /* Models */ = {
			isa = PBXGroup;
			children = (
				C3F0B6222BF21EBA00866D2B /* MusicModel.swift */,
				C3F0B6242BF21FC500866D2B /* SongModel.swift */,
				C30ADA642C3FB80300CC9F9A /* AppDefaults.swift */,
			);
			path = Models;
			sourceTree = "<group>";
		};
		C3DC6FD82BFDF26E00EA0095 /* Playback */ = {
			isa = PBXGroup;
			children = (
				C34D48762C2E566E0008E5CE /* Components */,
				C3AC1BBD2C22A344000DE8E5 /* Models */,
				C3DC6FD92BFDF2B300EA0095 /* PlaybackView.swift */,
			);
			path = Playback;
			sourceTree = "<group>";
		};
		C3DE80EB2BC1C2BE0063189D /* Settings */ = {
			isa = PBXGroup;
			children = (
				C3DE80EC2BC1C3010063189D /* Settings.swift */,
			);
			path = Settings;
			sourceTree = "<group>";
		};
		C3DF0ABA2BE93BF000F69AFB /* Components */ = {
			isa = PBXGroup;
			children = (
				B71F3FD72BD42D63005C3606 /* YoutubeView.swift */,
				C3A0CF6B2BB9C20200A0C4FD /* Timer.swift */,
				C36F9EB22BEA85F200D5836C /* LiveWaveform.swift */,
				C3693C072BF6371D00DC137B /* SongList.swift */,
				C3A16A902BF7A87B00C389F0 /* CircularProgressBar.swift */,
				C37D58332BFB181B001DA8E1 /* SearchView.swift */,
				C37D58352BFB1855001DA8E1 /* EmptySongList.swift */,
				C37D583A2BFB18F0001DA8E1 /* RecognizedSong+Loader.swift */,
				C30ADA662C40523000CC9F9A /* DurationLimitView.swift */,
				C34150A82C47E8AE00C4C3B2 /* NavigationPrimaryButton.swift */,
				C34150AA2C47E8E200C4C3B2 /* NavigationSecondaryButton.swift */,
			);
			path = Components;
			sourceTree = "<group>";
		};
		C3F0B6262BF2213B00866D2B /* Models */ = {
			isa = PBXGroup;
			children = (
				C32C77372BE5FA6000A197E3 /* Pro Chords.storekit */,
				C3AD8ED12BB1647F00D94DB5 /* SubscriptionModel.swift */,
			);
			path = Models;
			sourceTree = "<group>";
		};
/* End PBXGroup section */

/* Begin PBXNativeTarget section */
		C39C87312BB0073B00EBF82C /* AmDm AI */ = {
			isa = PBXNativeTarget;
			buildConfigurationList = C39C87432BB0073D00EBF82C /* Build configuration list for PBXNativeTarget "AmDm AI" */;
			buildPhases = (
				C39C872E2BB0073B00EBF82C /* Sources */,
				C39C872F2BB0073B00EBF82C /* Frameworks */,
				C39C87302BB0073B00EBF82C /* Resources */,
			);
			buildRules = (
			);
			dependencies = (
			);
			name = "AmDm AI";
			packageProductDependencies = (
				B79898A02BCABA030052C127 /* Alamofire */,
				B79898A52BCAC2930052C127 /* Realm */,
				B79898A72BCAC2930052C127 /* RealmSwift */,
				C39B6D882BEFA520002279E3 /* AudioKit */,
				C39B6D8B2BEFA6DF002279E3 /* SoundpipeAudioKit */,
				C3DC6FDC2BFE1E3F00EA0095 /* YouTubePlayerKit */,
				C3AC1BA22C105EE9000DE8E5 /* SwiftyChords */,
				C3AD97042C5A3615004097A4 /* FirebaseAnalytics */,
				C3AD97062C5A3615004097A4 /* FirebaseAnalyticsOnDeviceConversion */,
				C3AD97082C5A3615004097A4 /* FirebaseAnalyticsWithoutAdIdSupport */,
				C3AD970A2C5A3615004097A4 /* FirebaseAuth */,
				C3AD970C2C5A3615004097A4 /* FirebaseAuthCombine-Community */,
				C3AD970E2C5A3615004097A4 /* FirebaseCrashlytics */,
				C3AD97102C5A3615004097A4 /* FirebaseInAppMessaging-Beta */,
				C3AD97122C5A3615004097A4 /* FirebaseMessaging */,
			);
			productName = "AmDm AI";
			productReference = C39C87322BB0073B00EBF82C /* AmDm AI.app */;
			productType = "com.apple.product-type.application";
		};
/* End PBXNativeTarget section */

/* Begin PBXProject section */
		C39C872A2BB0073B00EBF82C /* Project object */ = {
			isa = PBXProject;
			attributes = {
				BuildIndependentTargetsInParallel = 1;
				LastSwiftUpdateCheck = 1500;
				LastUpgradeCheck = 1500;
				TargetAttributes = {
					C39C87312BB0073B00EBF82C = {
						CreatedOnToolsVersion = 15.0.1;
					};
				};
			};
			buildConfigurationList = C39C872D2BB0073B00EBF82C /* Build configuration list for PBXProject "AmDm AI" */;
			compatibilityVersion = "Xcode 14.0";
			developmentRegion = en;
			hasScannedForEncodings = 0;
			knownRegions = (
				en,
				Base,
			);
			mainGroup = C39C87292BB0073B00EBF82C;
			packageReferences = (
				B798989F2BCABA030052C127 /* XCRemoteSwiftPackageReference "Alamofire" */,
				B79898A42BCAC2930052C127 /* XCRemoteSwiftPackageReference "realm-swift" */,
				C39B6D872BEFA520002279E3 /* XCRemoteSwiftPackageReference "AudioKit" */,
				C39B6D8A2BEFA6DF002279E3 /* XCRemoteSwiftPackageReference "SoundpipeAudioKit" */,
				C3DC6FDB2BFE1E3F00EA0095 /* XCRemoteSwiftPackageReference "YouTubePlayerKit" */,
				C3AC1BA12C105EE8000DE8E5 /* XCRemoteSwiftPackageReference "SwiftyGuitarChords" */,
				C3AD97032C5A3615004097A4 /* XCRemoteSwiftPackageReference "firebase-ios-sdk" */,
			);
			productRefGroup = C39C87332BB0073B00EBF82C /* Products */;
			projectDirPath = "";
			projectRoot = "";
			targets = (
				C39C87312BB0073B00EBF82C /* AmDm AI */,
			);
		};
/* End PBXProject section */

/* Begin PBXResourcesBuildPhase section */
		C39C87302BB0073B00EBF82C /* Resources */ = {
			isa = PBXResourcesBuildPhase;
			buildActionMask = 2147483647;
			files = (
				C30ADA612C3AB1EB00CC9F9A /* AppDefaults-Info.plist in Resources */,
				C39C87402BB0073D00EBF82C /* Preview Assets.xcassets in Resources */,
				C3F7AB9C2BE0083100223F10 /* Assets.xcassets in Resources */,
				C3A993632C36BD5C00C2D8B5 /* GoogleService-Info.plist in Resources */,
			);
			runOnlyForDeploymentPostprocessing = 0;
		};
/* End PBXResourcesBuildPhase section */

/* Begin PBXSourcesBuildPhase section */
		C39C872E2BB0073B00EBF82C /* Sources */ = {
			isa = PBXSourcesBuildPhase;
			buildActionMask = 2147483647;
			files = (
				C3F0B6232BF21EBA00866D2B /* MusicModel.swift in Sources */,
				C357AB142BB7EB4B00440554 /* ActionButton.swift in Sources */,
				C3A993612C35761400C2D8B5 /* ChordShapesView.swift in Sources */,
				C3A16A912BF7A87B00C389F0 /* CircularProgressBar.swift in Sources */,
				C37D58392BFB18A3001DA8E1 /* Glow+Opacity.swift in Sources */,
				C37D58362BFB1855001DA8E1 /* EmptySongList.swift in Sources */,
				C308BD492C4D152C00C54602 /* TranspositionAds.swift in Sources */,
				C30ADA692C41679200CC9F9A /* EditChordsView.swift in Sources */,
				C308BD3C2C4CF68C00C54602 /* HideLyricsAds.swift in Sources */,
				C34A9BF32BD2EC7800CFC08F /* AudioPlayerService.swift in Sources */,
				B71F3FD82BD42D63005C3606 /* YoutubeView.swift in Sources */,
				C3AC1B812C0C3981000DE8E5 /* WrappingHStack.swift in Sources */,
				C3DE80ED2BC1C3010063189D /* Settings.swift in Sources */,
				C34150A12C4623B700C4C3B2 /* AdsView.swift in Sources */,
				C37996E52C08580600DA3556 /* ChordSearch.swift in Sources */,
				C3AC1BA72C1AB52D000DE8E5 /* YouTubeAPIService.swift in Sources */,
				C37996E72C089B9E00DA3556 /* ChordLibraryModel.swift in Sources */,
				C39B6D932BEFE3F6002279E3 /* TunerModel.swift in Sources */,
				C308BD4F2C5653F700C54602 /* StoreKitManager.swift in Sources */,
				C3AC1B852C0F6EE9000DE8E5 /* ChordSuffixes.swift in Sources */,
				C37D58342BFB181B001DA8E1 /* SearchView.swift in Sources */,
				C37996E02C0757BF00DA3556 /* CircleOf5th.swift in Sources */,
				C3DF0ABC2BE93D1900F69AFB /* Chunked.swift in Sources */,
				C308BD3E2C4CF6ED00C54602 /* AdsViewModel.swift in Sources */,
				C39B6D912BEFC873002279E3 /* TunerView.swift in Sources */,
				C30ADA652C3FB80300CC9F9A /* AppDefaults.swift in Sources */,
				C34150A32C46242B00C4C3B2 /* PlaybackControls.swift in Sources */,
				C308BD452C4CF9F600C54602 /* SearchChordsAds.swift in Sources */,
				C3DC6FD32BFCDB2E00EA0095 /* AppRoot.swift in Sources */,
				C36F9EB32BEA85F200D5836C /* LiveWaveform.swift in Sources */,
				C34150A72C462A2400C4C3B2 /* ChordsAndLyrics.swift in Sources */,
				C308BD3A2C4A291B00C54602 /* EditChordsAds.swift in Sources */,
				C34150A92C47E8AE00C4C3B2 /* NavigationPrimaryButton.swift in Sources */,
				C3AD8ED22BB1648000D94DB5 /* SubscriptionModel.swift in Sources */,
				C3A993AB2C36D2F200C2D8B5 /* AppCheckService.swift in Sources */,
				C37D583D2BFB2052001DA8E1 /* SplashScreen.swift in Sources */,
				C3DC6FDF2C02EF6400EA0095 /* Tunings.swift in Sources */,
				C30ADA632C3ADB4800CC9F9A /* FormatDuration.swift in Sources */,
				C3693C082BF6371D00DC137B /* SongList.swift in Sources */,
				B75A6FE12BE0F882001153ED /* Int.swift in Sources */,
				C37DCF102BDE338F00DD38A0 /* AllSongs.swift in Sources */,
				C37D58402BFB25E4001DA8E1 /* OnboardingPage1.swift in Sources */,
				C308BD432C4CF9D700C54602 /* ChordsAndLyricsAds.swift in Sources */,
				C34D48752C2DA6970008E5CE /* UniPlayer.swift in Sources */,
				C3A9935D2C35737100C2D8B5 /* OptionsView.swift in Sources */,
				C39C87362BB0073B00EBF82C /* AmDm_AIApp.swift in Sources */,
				C34D48732C298E810008E5CE /* YouTubePlayerService.swift in Sources */,
				C37996E32C0853C500DA3556 /* ChordLibrary.swift in Sources */,
				C30ADA672C40523000CC9F9A /* DurationLimitView.swift in Sources */,
				C3F0B6252BF21FC500866D2B /* SongModel.swift in Sources */,
				C37D58462BFB491E001DA8E1 /* OnboardingPage2.swift in Sources */,
				C34150AB2C47E8E200C4C3B2 /* NavigationSecondaryButton.swift in Sources */,
				B798989E2BCAB9930052C127 /* RecognitionApiService.swift in Sources */,
				C308BD472C4CFDF300C54602 /* UpgradeButton.swift in Sources */,
				C34D48782C2EBB830008E5CE /* MoreShapesView.swift in Sources */,
				C30ADA5F2C38F4AE00CC9F9A /* LogEvents.swift in Sources */,
				C37D583B2BFB18F0001DA8E1 /* RecognizedSong+Loader.swift in Sources */,
				C34150A52C46280900C4C3B2 /* TopPanel.swift in Sources */,
				B79898AA2BCAC2CD0052C127 /* DatabaseService.swift in Sources */,
				C361E8272BB860D300F33B40 /* Helpers.swift in Sources */,
				C3A9935F2C3573AD00C2D8B5 /* NavbarView.swift in Sources */,
				C3A0CF6C2BB9C20200A0C4FD /* Timer.swift in Sources */,
				C308BD4D2C5353CC00C54602 /* Paywall.swift in Sources */,
				B798989C2BCAAADB0052C127 /* RecordingService.swift in Sources */,
				C3DC6FDA2BFDF2B300EA0095 /* PlaybackView.swift in Sources */,
			);
			runOnlyForDeploymentPostprocessing = 0;
		};
/* End PBXSourcesBuildPhase section */

/* Begin XCBuildConfiguration section */
		C39C87412BB0073D00EBF82C /* Debug */ = {
			isa = XCBuildConfiguration;
			buildSettings = {
				ALWAYS_SEARCH_USER_PATHS = NO;
				ASSETCATALOG_COMPILER_GENERATE_SWIFT_ASSET_SYMBOL_EXTENSIONS = YES;
				CLANG_ANALYZER_NONNULL = YES;
				CLANG_ANALYZER_NUMBER_OBJECT_CONVERSION = YES_AGGRESSIVE;
				CLANG_CXX_LANGUAGE_STANDARD = "gnu++20";
				CLANG_ENABLE_MODULES = YES;
				CLANG_ENABLE_OBJC_ARC = YES;
				CLANG_ENABLE_OBJC_WEAK = YES;
				CLANG_WARN_BLOCK_CAPTURE_AUTORELEASING = YES;
				CLANG_WARN_BOOL_CONVERSION = YES;
				CLANG_WARN_COMMA = YES;
				CLANG_WARN_CONSTANT_CONVERSION = YES;
				CLANG_WARN_DEPRECATED_OBJC_IMPLEMENTATIONS = YES;
				CLANG_WARN_DIRECT_OBJC_ISA_USAGE = YES_ERROR;
				CLANG_WARN_DOCUMENTATION_COMMENTS = YES;
				CLANG_WARN_EMPTY_BODY = YES;
				CLANG_WARN_ENUM_CONVERSION = YES;
				CLANG_WARN_INFINITE_RECURSION = YES;
				CLANG_WARN_INT_CONVERSION = YES;
				CLANG_WARN_NON_LITERAL_NULL_CONVERSION = YES;
				CLANG_WARN_OBJC_IMPLICIT_RETAIN_SELF = YES;
				CLANG_WARN_OBJC_LITERAL_CONVERSION = YES;
				CLANG_WARN_OBJC_ROOT_CLASS = YES_ERROR;
				CLANG_WARN_QUOTED_INCLUDE_IN_FRAMEWORK_HEADER = YES;
				CLANG_WARN_RANGE_LOOP_ANALYSIS = YES;
				CLANG_WARN_STRICT_PROTOTYPES = YES;
				CLANG_WARN_SUSPICIOUS_MOVE = YES;
				CLANG_WARN_UNGUARDED_AVAILABILITY = YES_AGGRESSIVE;
				CLANG_WARN_UNREACHABLE_CODE = YES;
				CLANG_WARN__DUPLICATE_METHOD_MATCH = YES;
				COPY_PHASE_STRIP = NO;
				DEBUG_INFORMATION_FORMAT = dwarf;
				ENABLE_STRICT_OBJC_MSGSEND = YES;
				ENABLE_TESTABILITY = YES;
				ENABLE_USER_SCRIPT_SANDBOXING = YES;
				GCC_C_LANGUAGE_STANDARD = gnu17;
				GCC_DYNAMIC_NO_PIC = NO;
				GCC_NO_COMMON_BLOCKS = YES;
				GCC_OPTIMIZATION_LEVEL = 0;
				GCC_PREPROCESSOR_DEFINITIONS = (
					"DEBUG=1",
					"$(inherited)",
				);
				GCC_WARN_64_TO_32_BIT_CONVERSION = YES;
				GCC_WARN_ABOUT_RETURN_TYPE = YES_ERROR;
				GCC_WARN_UNDECLARED_SELECTOR = YES;
				GCC_WARN_UNINITIALIZED_AUTOS = YES_AGGRESSIVE;
				GCC_WARN_UNUSED_FUNCTION = YES;
				GCC_WARN_UNUSED_VARIABLE = YES;
				IPHONEOS_DEPLOYMENT_TARGET = 16.4;
				LOCALIZATION_PREFERS_STRING_CATALOGS = YES;
				MTL_ENABLE_DEBUG_INFO = INCLUDE_SOURCE;
				MTL_FAST_MATH = YES;
				ONLY_ACTIVE_ARCH = YES;
				SWIFT_ACTIVE_COMPILATION_CONDITIONS = "DEBUG $(inherited)";
				SWIFT_OPTIMIZATION_LEVEL = "-Onone";
			};
			name = Debug;
		};
		C39C87422BB0073D00EBF82C /* Release */ = {
			isa = XCBuildConfiguration;
			buildSettings = {
				ALWAYS_SEARCH_USER_PATHS = NO;
				ASSETCATALOG_COMPILER_GENERATE_SWIFT_ASSET_SYMBOL_EXTENSIONS = YES;
				CLANG_ANALYZER_NONNULL = YES;
				CLANG_ANALYZER_NUMBER_OBJECT_CONVERSION = YES_AGGRESSIVE;
				CLANG_CXX_LANGUAGE_STANDARD = "gnu++20";
				CLANG_ENABLE_MODULES = YES;
				CLANG_ENABLE_OBJC_ARC = YES;
				CLANG_ENABLE_OBJC_WEAK = YES;
				CLANG_WARN_BLOCK_CAPTURE_AUTORELEASING = YES;
				CLANG_WARN_BOOL_CONVERSION = YES;
				CLANG_WARN_COMMA = YES;
				CLANG_WARN_CONSTANT_CONVERSION = YES;
				CLANG_WARN_DEPRECATED_OBJC_IMPLEMENTATIONS = YES;
				CLANG_WARN_DIRECT_OBJC_ISA_USAGE = YES_ERROR;
				CLANG_WARN_DOCUMENTATION_COMMENTS = YES;
				CLANG_WARN_EMPTY_BODY = YES;
				CLANG_WARN_ENUM_CONVERSION = YES;
				CLANG_WARN_INFINITE_RECURSION = YES;
				CLANG_WARN_INT_CONVERSION = YES;
				CLANG_WARN_NON_LITERAL_NULL_CONVERSION = YES;
				CLANG_WARN_OBJC_IMPLICIT_RETAIN_SELF = YES;
				CLANG_WARN_OBJC_LITERAL_CONVERSION = YES;
				CLANG_WARN_OBJC_ROOT_CLASS = YES_ERROR;
				CLANG_WARN_QUOTED_INCLUDE_IN_FRAMEWORK_HEADER = YES;
				CLANG_WARN_RANGE_LOOP_ANALYSIS = YES;
				CLANG_WARN_STRICT_PROTOTYPES = YES;
				CLANG_WARN_SUSPICIOUS_MOVE = YES;
				CLANG_WARN_UNGUARDED_AVAILABILITY = YES_AGGRESSIVE;
				CLANG_WARN_UNREACHABLE_CODE = YES;
				CLANG_WARN__DUPLICATE_METHOD_MATCH = YES;
				COPY_PHASE_STRIP = NO;
				DEBUG_INFORMATION_FORMAT = "dwarf-with-dsym";
				ENABLE_NS_ASSERTIONS = NO;
				ENABLE_STRICT_OBJC_MSGSEND = YES;
				ENABLE_USER_SCRIPT_SANDBOXING = YES;
				GCC_C_LANGUAGE_STANDARD = gnu17;
				GCC_NO_COMMON_BLOCKS = YES;
				GCC_WARN_64_TO_32_BIT_CONVERSION = YES;
				GCC_WARN_ABOUT_RETURN_TYPE = YES_ERROR;
				GCC_WARN_UNDECLARED_SELECTOR = YES;
				GCC_WARN_UNINITIALIZED_AUTOS = YES_AGGRESSIVE;
				GCC_WARN_UNUSED_FUNCTION = YES;
				GCC_WARN_UNUSED_VARIABLE = YES;
				IPHONEOS_DEPLOYMENT_TARGET = 16.4;
				LOCALIZATION_PREFERS_STRING_CATALOGS = YES;
				MTL_ENABLE_DEBUG_INFO = NO;
				MTL_FAST_MATH = YES;
				SWIFT_COMPILATION_MODE = wholemodule;
			};
			name = Release;
		};
		C39C87442BB0073D00EBF82C /* Debug */ = {
			isa = XCBuildConfiguration;
			buildSettings = {
				ASSETCATALOG_COMPILER_APPICON_NAME = AppIcon;
				ASSETCATALOG_COMPILER_GLOBAL_ACCENT_COLOR_NAME = AccentColor;
				CODE_SIGN_ENTITLEMENTS = "AmDm AI/AmDm_AI.entitlements";
				CODE_SIGN_IDENTITY = "Apple Development";
				"CODE_SIGN_IDENTITY[sdk=iphoneos*]" = "iPhone Developer";
				CODE_SIGN_STYLE = Manual;
				CURRENT_PROJECT_VERSION = 1;
				DEVELOPMENT_ASSET_PATHS = "\"AmDm AI/Preview Content\"";
				DEVELOPMENT_TEAM = "";
				"DEVELOPMENT_TEAM[sdk=iphoneos*]" = YLUV9GUS77;
				ENABLE_HARDENED_RUNTIME = YES;
				ENABLE_PREVIEWS = YES;
				GENERATE_INFOPLIST_FILE = YES;
				INFOPLIST_FILE = "AmDm-AI-Info.plist";
				INFOPLIST_KEY_CFBundleDisplayName = "Pro Chords";
				INFOPLIST_KEY_LSApplicationCategoryType = "public.app-category.music";
				INFOPLIST_KEY_NSHumanReadableCopyright = "";
				INFOPLIST_KEY_NSMicrophoneUsageDescription = "Voice recording";
				"INFOPLIST_KEY_UIApplicationSceneManifest_Generation[sdk=iphoneos*]" = YES;
				"INFOPLIST_KEY_UIApplicationSceneManifest_Generation[sdk=iphonesimulator*]" = YES;
				"INFOPLIST_KEY_UIApplicationSupportsIndirectInputEvents[sdk=iphoneos*]" = YES;
				"INFOPLIST_KEY_UIApplicationSupportsIndirectInputEvents[sdk=iphonesimulator*]" = YES;
				"INFOPLIST_KEY_UILaunchScreen_Generation[sdk=iphoneos*]" = YES;
				"INFOPLIST_KEY_UILaunchScreen_Generation[sdk=iphonesimulator*]" = YES;
				INFOPLIST_KEY_UIStatusBarStyle = UIStatusBarStyleDarkContent;
				"INFOPLIST_KEY_UIStatusBarStyle[sdk=iphoneos*]" = UIStatusBarStyleDefault;
				"INFOPLIST_KEY_UIStatusBarStyle[sdk=iphonesimulator*]" = UIStatusBarStyleDefault;
				INFOPLIST_KEY_UISupportedInterfaceOrientations = UIInterfaceOrientationPortrait;
				INFOPLIST_KEY_UISupportedInterfaceOrientations_iPad = "UIInterfaceOrientationLandscapeLeft UIInterfaceOrientationLandscapeRight UIInterfaceOrientationPortrait UIInterfaceOrientationPortraitUpsideDown";
				INFOPLIST_KEY_UIUserInterfaceStyle = Dark;
				IPHONEOS_DEPLOYMENT_TARGET = 17.0;
				LD_RUNPATH_SEARCH_PATHS = "@executable_path/Frameworks";
				"LD_RUNPATH_SEARCH_PATHS[sdk=macosx*]" = "@executable_path/../Frameworks";
				MACOSX_DEPLOYMENT_TARGET = 14.0;
				MARKETING_VERSION = 0.1;
				PRODUCT_BUNDLE_IDENTIFIER = "com.chords-ai.app";
				PRODUCT_NAME = "$(TARGET_NAME)";
				PROVISIONING_PROFILE_SPECIFIER = "";
				"PROVISIONING_PROFILE_SPECIFIER[sdk=iphoneos*]" = antons_provisioning_profile;
				SDKROOT = auto;
				SUPPORTED_PLATFORMS = "iphoneos iphonesimulator";
				SUPPORTS_MACCATALYST = NO;
				SWIFT_EMIT_LOC_STRINGS = YES;
				SWIFT_VERSION = 5.0;
				TARGETED_DEVICE_FAMILY = 1;
			};
			name = Debug;
		};
		C39C87452BB0073D00EBF82C /* Release */ = {
			isa = XCBuildConfiguration;
			buildSettings = {
				ASSETCATALOG_COMPILER_APPICON_NAME = AppIcon;
				ASSETCATALOG_COMPILER_GLOBAL_ACCENT_COLOR_NAME = AccentColor;
				CODE_SIGN_ENTITLEMENTS = "AmDm AI/AmDm AIRelease.entitlements";
				CODE_SIGN_IDENTITY = "Apple Development";
				CODE_SIGN_STYLE = Automatic;
				CURRENT_PROJECT_VERSION = 1;
				DEVELOPMENT_ASSET_PATHS = "\"AmDm AI/Preview Content\"";
				DEVELOPMENT_TEAM = YLUV9GUS77;
				ENABLE_HARDENED_RUNTIME = YES;
				ENABLE_PREVIEWS = YES;
				GENERATE_INFOPLIST_FILE = YES;
				INFOPLIST_FILE = "AmDm-AI-Info.plist";
				INFOPLIST_KEY_CFBundleDisplayName = "Pro Chords";
				INFOPLIST_KEY_LSApplicationCategoryType = "public.app-category.music";
				INFOPLIST_KEY_NSHumanReadableCopyright = "";
				INFOPLIST_KEY_NSMicrophoneUsageDescription = "Voice recording";
				"INFOPLIST_KEY_UIApplicationSceneManifest_Generation[sdk=iphoneos*]" = YES;
				"INFOPLIST_KEY_UIApplicationSceneManifest_Generation[sdk=iphonesimulator*]" = YES;
				"INFOPLIST_KEY_UIApplicationSupportsIndirectInputEvents[sdk=iphoneos*]" = YES;
				"INFOPLIST_KEY_UIApplicationSupportsIndirectInputEvents[sdk=iphonesimulator*]" = YES;
				"INFOPLIST_KEY_UILaunchScreen_Generation[sdk=iphoneos*]" = YES;
				"INFOPLIST_KEY_UILaunchScreen_Generation[sdk=iphonesimulator*]" = YES;
				INFOPLIST_KEY_UIStatusBarStyle = UIStatusBarStyleDarkContent;
				"INFOPLIST_KEY_UIStatusBarStyle[sdk=iphoneos*]" = UIStatusBarStyleDefault;
				"INFOPLIST_KEY_UIStatusBarStyle[sdk=iphonesimulator*]" = UIStatusBarStyleDefault;
				INFOPLIST_KEY_UISupportedInterfaceOrientations = UIInterfaceOrientationPortrait;
				INFOPLIST_KEY_UISupportedInterfaceOrientations_iPad = "UIInterfaceOrientationLandscapeLeft UIInterfaceOrientationLandscapeRight UIInterfaceOrientationPortrait UIInterfaceOrientationPortraitUpsideDown";
				INFOPLIST_KEY_UIUserInterfaceStyle = Dark;
				IPHONEOS_DEPLOYMENT_TARGET = 17.0;
				LD_RUNPATH_SEARCH_PATHS = "@executable_path/Frameworks";
				"LD_RUNPATH_SEARCH_PATHS[sdk=macosx*]" = "@executable_path/../Frameworks";
				MACOSX_DEPLOYMENT_TARGET = 14.0;
				MARKETING_VERSION = 0.1;
				PRODUCT_BUNDLE_IDENTIFIER = "com.chords-ai.app";
				PRODUCT_NAME = "$(TARGET_NAME)";
				PROVISIONING_PROFILE_SPECIFIER = "";
				SDKROOT = auto;
				SUPPORTED_PLATFORMS = "iphoneos iphonesimulator";
				SUPPORTS_MACCATALYST = NO;
				SWIFT_EMIT_LOC_STRINGS = YES;
				SWIFT_VERSION = 5.0;
				TARGETED_DEVICE_FAMILY = 1;
			};
			name = Release;
		};
/* End XCBuildConfiguration section */

/* Begin XCConfigurationList section */
		C39C872D2BB0073B00EBF82C /* Build configuration list for PBXProject "AmDm AI" */ = {
			isa = XCConfigurationList;
			buildConfigurations = (
				C39C87412BB0073D00EBF82C /* Debug */,
				C39C87422BB0073D00EBF82C /* Release */,
			);
			defaultConfigurationIsVisible = 0;
			defaultConfigurationName = Release;
		};
		C39C87432BB0073D00EBF82C /* Build configuration list for PBXNativeTarget "AmDm AI" */ = {
			isa = XCConfigurationList;
			buildConfigurations = (
				C39C87442BB0073D00EBF82C /* Debug */,
				C39C87452BB0073D00EBF82C /* Release */,
			);
			defaultConfigurationIsVisible = 0;
			defaultConfigurationName = Release;
		};
/* End XCConfigurationList section */

/* Begin XCRemoteSwiftPackageReference section */
		B798989F2BCABA030052C127 /* XCRemoteSwiftPackageReference "Alamofire" */ = {
			isa = XCRemoteSwiftPackageReference;
			repositoryURL = "https://github.com/Alamofire/Alamofire";
			requirement = {
				kind = upToNextMajorVersion;
				minimumVersion = 5.9.1;
			};
		};
		B79898A42BCAC2930052C127 /* XCRemoteSwiftPackageReference "realm-swift" */ = {
			isa = XCRemoteSwiftPackageReference;
			repositoryURL = "https://github.com/realm/realm-swift.git";
			requirement = {
				branch = master;
				kind = branch;
			};
		};
		C39B6D872BEFA520002279E3 /* XCRemoteSwiftPackageReference "AudioKit" */ = {
			isa = XCRemoteSwiftPackageReference;
			repositoryURL = "https://github.com/AudioKit/AudioKit/";
			requirement = {
				kind = upToNextMajorVersion;
				minimumVersion = 5.6.4;
			};
		};
		C39B6D8A2BEFA6DF002279E3 /* XCRemoteSwiftPackageReference "SoundpipeAudioKit" */ = {
			isa = XCRemoteSwiftPackageReference;
			repositoryURL = "https://github.com/AudioKit/SoundpipeAudioKit.git";
			requirement = {
				kind = upToNextMajorVersion;
				minimumVersion = 5.6.1;
			};
		};
		C3AC1BA12C105EE8000DE8E5 /* XCRemoteSwiftPackageReference "SwiftyGuitarChords" */ = {
			isa = XCRemoteSwiftPackageReference;
			repositoryURL = "https://github.com/antm677/SwiftyGuitarChords.git";
			requirement = {
				branch = main;
				kind = branch;
			};
		};
		C3AD97032C5A3615004097A4 /* XCRemoteSwiftPackageReference "firebase-ios-sdk" */ = {
			isa = XCRemoteSwiftPackageReference;
			repositoryURL = "https://github.com/firebase/firebase-ios-sdk";
			requirement = {
				kind = upToNextMajorVersion;
				minimumVersion = 11.0.0;
			};
		};
		C3DC6FDB2BFE1E3F00EA0095 /* XCRemoteSwiftPackageReference "YouTubePlayerKit" */ = {
			isa = XCRemoteSwiftPackageReference;
			repositoryURL = "https://github.com/SvenTiigi/YouTubePlayerKit";
			requirement = {
				kind = upToNextMajorVersion;
				minimumVersion = 1.8.0;
			};
		};
/* End XCRemoteSwiftPackageReference section */

/* Begin XCSwiftPackageProductDependency section */
		B79898A02BCABA030052C127 /* Alamofire */ = {
			isa = XCSwiftPackageProductDependency;
			package = B798989F2BCABA030052C127 /* XCRemoteSwiftPackageReference "Alamofire" */;
			productName = Alamofire;
		};
		B79898A52BCAC2930052C127 /* Realm */ = {
			isa = XCSwiftPackageProductDependency;
			package = B79898A42BCAC2930052C127 /* XCRemoteSwiftPackageReference "realm-swift" */;
			productName = Realm;
		};
		B79898A72BCAC2930052C127 /* RealmSwift */ = {
			isa = XCSwiftPackageProductDependency;
			package = B79898A42BCAC2930052C127 /* XCRemoteSwiftPackageReference "realm-swift" */;
			productName = RealmSwift;
		};
		C39B6D882BEFA520002279E3 /* AudioKit */ = {
			isa = XCSwiftPackageProductDependency;
			package = C39B6D872BEFA520002279E3 /* XCRemoteSwiftPackageReference "AudioKit" */;
			productName = AudioKit;
		};
		C39B6D8B2BEFA6DF002279E3 /* SoundpipeAudioKit */ = {
			isa = XCSwiftPackageProductDependency;
			package = C39B6D8A2BEFA6DF002279E3 /* XCRemoteSwiftPackageReference "SoundpipeAudioKit" */;
			productName = SoundpipeAudioKit;
		};
		C3AC1BA22C105EE9000DE8E5 /* SwiftyChords */ = {
			isa = XCSwiftPackageProductDependency;
			package = C3AC1BA12C105EE8000DE8E5 /* XCRemoteSwiftPackageReference "SwiftyGuitarChords" */;
			productName = SwiftyChords;
		};
		C3AD97042C5A3615004097A4 /* FirebaseAnalytics */ = {
			isa = XCSwiftPackageProductDependency;
			package = C3AD97032C5A3615004097A4 /* XCRemoteSwiftPackageReference "firebase-ios-sdk" */;
			productName = FirebaseAnalytics;
		};
		C3AD97062C5A3615004097A4 /* FirebaseAnalyticsOnDeviceConversion */ = {
			isa = XCSwiftPackageProductDependency;
			package = C3AD97032C5A3615004097A4 /* XCRemoteSwiftPackageReference "firebase-ios-sdk" */;
			productName = FirebaseAnalyticsOnDeviceConversion;
		};
		C3AD97082C5A3615004097A4 /* FirebaseAnalyticsWithoutAdIdSupport */ = {
			isa = XCSwiftPackageProductDependency;
			package = C3AD97032C5A3615004097A4 /* XCRemoteSwiftPackageReference "firebase-ios-sdk" */;
			productName = FirebaseAnalyticsWithoutAdIdSupport;
		};
		C3AD970A2C5A3615004097A4 /* FirebaseAuth */ = {
			isa = XCSwiftPackageProductDependency;
			package = C3AD97032C5A3615004097A4 /* XCRemoteSwiftPackageReference "firebase-ios-sdk" */;
			productName = FirebaseAuth;
		};
		C3AD970C2C5A3615004097A4 /* FirebaseAuthCombine-Community */ = {
			isa = XCSwiftPackageProductDependency;
			package = C3AD97032C5A3615004097A4 /* XCRemoteSwiftPackageReference "firebase-ios-sdk" */;
			productName = "FirebaseAuthCombine-Community";
		};
		C3AD970E2C5A3615004097A4 /* FirebaseCrashlytics */ = {
			isa = XCSwiftPackageProductDependency;
			package = C3AD97032C5A3615004097A4 /* XCRemoteSwiftPackageReference "firebase-ios-sdk" */;
			productName = FirebaseCrashlytics;
		};
		C3AD97102C5A3615004097A4 /* FirebaseInAppMessaging-Beta */ = {
			isa = XCSwiftPackageProductDependency;
			package = C3AD97032C5A3615004097A4 /* XCRemoteSwiftPackageReference "firebase-ios-sdk" */;
			productName = "FirebaseInAppMessaging-Beta";
		};
		C3AD97122C5A3615004097A4 /* FirebaseMessaging */ = {
			isa = XCSwiftPackageProductDependency;
			package = C3AD97032C5A3615004097A4 /* XCRemoteSwiftPackageReference "firebase-ios-sdk" */;
			productName = FirebaseMessaging;
		};
		C3DC6FDC2BFE1E3F00EA0095 /* YouTubePlayerKit */ = {
			isa = XCSwiftPackageProductDependency;
			package = C3DC6FDB2BFE1E3F00EA0095 /* XCRemoteSwiftPackageReference "YouTubePlayerKit" */;
			productName = YouTubePlayerKit;
		};
/* End XCSwiftPackageProductDependency section */
	};
	rootObject = C39C872A2BB0073B00EBF82C /* Project object */;
}
